
Microsoft Visual Studio Solution File, Format Version 12.00
# Visual Studio Version 16
VisualStudioVersion = 16.0.29613.14
MinimumVisualStudioVersion = 10.0.40219.1
Project("{FAE04EC0-301F-11D3-BF4B-00C04F79EFBC}") = "wpfsavefile", "wpfsavefile\wpfsavefile.csproj", "{D77B99B5-8BB8-43C9-BC70-F0E9D21E1E96}"
EndProject
Project("{FAE04EC0-301F-11D3-BF4B-00C04F79EFBC}") = "uwpSavefile", "uwpsavefile\uwpSavefile.csproj", "{FF43BFB6-918C-4134-BFBB-E63CB2719A00}"
EndProject
Project("{FAE04EC0-301F-11D3-BF4B-00C04F79EFBC}") = "uwpSerializer", "uwpSerializer\uwpSerializer.csproj", "{3D72A2C4-9C82-45F1-A74A-D208D19E02E4}"
EndProject
Project("{FAE04EC0-301F-11D3-BF4B-00C04F79EFBC}") = "uwpApplicationBase", "uwpApplicationBase\uwpApplicationBase.csproj", "{D8CA10DF-EB46-4635-968C-97AF72DFB151}"
EndProject
Project("{FAE04EC0-301F-11D3-BF4B-00C04F79EFBC}") = "uwpReflect", "uwpReflect\uwpReflect.csproj", "{79C8ED46-5AEC-48F5-BEB1-E9E4D7F8C3C7}"
EndProject
Project("{C7167F0D-BC9F-4E6E-AFE1-012C56B48DB5}") = "WPFPackage", "WapProjTemplate1\WPFPackage.wapproj", "{460804C6-3358-4E49-8D85-2F33D385E9AF}"
EndProject
Project("{C7167F0D-BC9F-4E6E-AFE1-012C56B48DB5}") = "ConvertedWindowsHello", "WapProjTemplate2\ConvertedWindowsHello.wapproj", "{A1A70D72-1E7A-42AA-AA62-F61B752BFF96}"
EndProject
Project("{FAE04EC0-301F-11D3-BF4B-00C04F79EFBC}") = "wfwinhello", "wfwinhello\wfwinhello.csproj", "{CDC7EECD-1D9A-4404-B721-F1C92F1EE688}"
EndProject
Project("{C7167F0D-BC9F-4E6E-AFE1-012C56B48DB5}") = "WinFormPackage", "WapProjTemplate3\WinFormPackage.wapproj", "{33BEED01-14F9-4115-B74A-A07F9389CC57}"
EndProject
Project("{8BC9CEB8-8B4A-11D0-8D11-00A0C91BC942}") = "UWPFeatures", "UWPFeatures\UWPFeatures.vcxproj", "{48FA2B2B-5548-4F2E-812D-540B982FEF04}"
EndProject
Project("{8BC9CEB8-8B4A-11D0-8D11-00A0C91BC942}") = "CPPClient", "CPPClient\CPPClient.vcxproj", "{E6112B01-F930-4DE3-85A8-EFCE63967673}"
EndProject
Project("{8BC9CEB8-8B4A-11D0-8D11-00A0C91BC942}") = "CXStoreEngagementSDKFeatures", "CXStoreEngagementSDKFeatures\CXStoreEngagementSDKFeatures.vcxproj", "{8A06E4FF-3FE4-4871-8420-D5D0100B48AE}"
EndProject
Project("{8BC9CEB8-8B4A-11D0-8D11-00A0C91BC942}") = "Tasks", "Tasks\Tasks.vcxproj", "{5BEE7A10-0A6E-55AF-BF40-092D42A87977}"
EndProject
Project("{2150E333-8FDC-42A3-9474-1A3956D46DE8}") = "CPPStoreSDK", "CPPStoreSDK", "{47A5A08D-8E62-4BC2-AB84-5FBABB422BF1}"
EndProject
Project("{2150E333-8FDC-42A3-9474-1A3956D46DE8}") = "WindowsHello", "WindowsHello", "{27322D87-B439-416F-9410-E72440EDD437}"
EndProject
Project("{8BC9CEB8-8B4A-11D0-8D11-00A0C91BC942}") = "CPPRegApp", "CPPRegApp\CPPRegApp.vcxproj", "{2FFBD092-FB53-49A1-8A3A-C93536A1DD2C}"
EndProject
Project("{2150E333-8FDC-42A3-9474-1A3956D46DE8}") = "MSIXRegApp", "MSIXRegApp", "{4EDFD022-2081-41FF-A879-FE002B2B1E9B}"
EndProject
Project("{C7167F0D-BC9F-4E6E-AFE1-012C56B48DB5}") = "MSIXRegApp", "MSIXRegApp\MSIXRegApp.wapproj", "{4BED40BF-32A5-42E0-8A12-FEC66807DB0D}"
EndProject
Project("{FAE04EC0-301F-11D3-BF4B-00C04F79EFBC}") = "WinFormUWPContract", "WinFormUWPContract\WinFormUWPContract.csproj", "{190A3FBA-A8A7-4503-929B-32A6F71455C5}"
EndProject
Project("{C7167F0D-BC9F-4E6E-AFE1-012C56B48DB5}") = "PADemo", "PADemo\PADemo.wapproj", "{DA2DD66F-D669-4126-B8DA-2C9DC7A77417}"
EndProject
Global
	GlobalSection(SolutionConfigurationPlatforms) = preSolution
		CD_ROM|Any CPU = CD_ROM|Any CPU
		CD_ROM|ARM = CD_ROM|ARM
		CD_ROM|ARM64 = CD_ROM|ARM64
		CD_ROM|x64 = CD_ROM|x64
		CD_ROM|x86 = CD_ROM|x86
		Debug|Any CPU = Debug|Any CPU
		Debug|ARM = Debug|ARM
		Debug|ARM64 = Debug|ARM64
		Debug|x64 = Debug|x64
		Debug|x86 = Debug|x86
		DVD-5|Any CPU = DVD-5|Any CPU
		DVD-5|ARM = DVD-5|ARM
		DVD-5|ARM64 = DVD-5|ARM64
		DVD-5|x64 = DVD-5|x64
		DVD-5|x86 = DVD-5|x86
		Release|Any CPU = Release|Any CPU
		Release|ARM = Release|ARM
		Release|ARM64 = Release|ARM64
		Release|x64 = Release|x64
		Release|x86 = Release|x86
		SingleImage|Any CPU = SingleImage|Any CPU
		SingleImage|ARM = SingleImage|ARM
		SingleImage|ARM64 = SingleImage|ARM64
		SingleImage|x64 = SingleImage|x64
		SingleImage|x86 = SingleImage|x86
	EndGlobalSection
	GlobalSection(ProjectConfigurationPlatforms) = postSolution
		{D77B99B5-8BB8-43C9-BC70-F0E9D21E1E96}.CD_ROM|Any CPU.ActiveCfg = Release|Any CPU
		{D77B99B5-8BB8-43C9-BC70-F0E9D21E1E96}.CD_ROM|Any CPU.Build.0 = Release|Any CPU
		{D77B99B5-8BB8-43C9-BC70-F0E9D21E1E96}.CD_ROM|ARM.ActiveCfg = Debug|Any CPU
		{D77B99B5-8BB8-43C9-BC70-F0E9D21E1E96}.CD_ROM|ARM.Build.0 = Debug|Any CPU
		{D77B99B5-8BB8-43C9-BC70-F0E9D21E1E96}.CD_ROM|ARM64.ActiveCfg = Debug|Any CPU
		{D77B99B5-8BB8-43C9-BC70-F0E9D21E1E96}.CD_ROM|ARM64.Build.0 = Debug|Any CPU
		{D77B99B5-8BB8-43C9-BC70-F0E9D21E1E96}.CD_ROM|x64.ActiveCfg = Debug|Any CPU
		{D77B99B5-8BB8-43C9-BC70-F0E9D21E1E96}.CD_ROM|x64.Build.0 = Debug|Any CPU
		{D77B99B5-8BB8-43C9-BC70-F0E9D21E1E96}.CD_ROM|x86.ActiveCfg = Debug|Any CPU
		{D77B99B5-8BB8-43C9-BC70-F0E9D21E1E96}.CD_ROM|x86.Build.0 = Debug|Any CPU
		{D77B99B5-8BB8-43C9-BC70-F0E9D21E1E96}.Debug|Any CPU.ActiveCfg = Debug|Any CPU
		{D77B99B5-8BB8-43C9-BC70-F0E9D21E1E96}.Debug|Any CPU.Build.0 = Debug|Any CPU
		{D77B99B5-8BB8-43C9-BC70-F0E9D21E1E96}.Debug|ARM.ActiveCfg = Debug|Any CPU
		{D77B99B5-8BB8-43C9-BC70-F0E9D21E1E96}.Debug|ARM.Build.0 = Debug|Any CPU
		{D77B99B5-8BB8-43C9-BC70-F0E9D21E1E96}.Debug|ARM64.ActiveCfg = Debug|Any CPU
		{D77B99B5-8BB8-43C9-BC70-F0E9D21E1E96}.Debug|ARM64.Build.0 = Debug|Any CPU
		{D77B99B5-8BB8-43C9-BC70-F0E9D21E1E96}.Debug|x64.ActiveCfg = Debug|x64
		{D77B99B5-8BB8-43C9-BC70-F0E9D21E1E96}.Debug|x64.Build.0 = Debug|x64
		{D77B99B5-8BB8-43C9-BC70-F0E9D21E1E96}.Debug|x86.ActiveCfg = Debug|x86
		{D77B99B5-8BB8-43C9-BC70-F0E9D21E1E96}.Debug|x86.Build.0 = Debug|x86
		{D77B99B5-8BB8-43C9-BC70-F0E9D21E1E96}.DVD-5|Any CPU.ActiveCfg = Debug|Any CPU
		{D77B99B5-8BB8-43C9-BC70-F0E9D21E1E96}.DVD-5|Any CPU.Build.0 = Debug|Any CPU
		{D77B99B5-8BB8-43C9-BC70-F0E9D21E1E96}.DVD-5|ARM.ActiveCfg = Debug|Any CPU
		{D77B99B5-8BB8-43C9-BC70-F0E9D21E1E96}.DVD-5|ARM.Build.0 = Debug|Any CPU
		{D77B99B5-8BB8-43C9-BC70-F0E9D21E1E96}.DVD-5|ARM64.ActiveCfg = Debug|Any CPU
		{D77B99B5-8BB8-43C9-BC70-F0E9D21E1E96}.DVD-5|ARM64.Build.0 = Debug|Any CPU
		{D77B99B5-8BB8-43C9-BC70-F0E9D21E1E96}.DVD-5|x64.ActiveCfg = Debug|Any CPU
		{D77B99B5-8BB8-43C9-BC70-F0E9D21E1E96}.DVD-5|x64.Build.0 = Debug|Any CPU
		{D77B99B5-8BB8-43C9-BC70-F0E9D21E1E96}.DVD-5|x86.ActiveCfg = Debug|Any CPU
		{D77B99B5-8BB8-43C9-BC70-F0E9D21E1E96}.DVD-5|x86.Build.0 = Debug|Any CPU
		{D77B99B5-8BB8-43C9-BC70-F0E9D21E1E96}.Release|Any CPU.ActiveCfg = Release|Any CPU
		{D77B99B5-8BB8-43C9-BC70-F0E9D21E1E96}.Release|Any CPU.Build.0 = Release|Any CPU
		{D77B99B5-8BB8-43C9-BC70-F0E9D21E1E96}.Release|ARM.ActiveCfg = Release|Any CPU
		{D77B99B5-8BB8-43C9-BC70-F0E9D21E1E96}.Release|ARM.Build.0 = Release|Any CPU
		{D77B99B5-8BB8-43C9-BC70-F0E9D21E1E96}.Release|ARM64.ActiveCfg = Release|Any CPU
		{D77B99B5-8BB8-43C9-BC70-F0E9D21E1E96}.Release|ARM64.Build.0 = Release|Any CPU
		{D77B99B5-8BB8-43C9-BC70-F0E9D21E1E96}.Release|x64.ActiveCfg = Release|Any CPU
		{D77B99B5-8BB8-43C9-BC70-F0E9D21E1E96}.Release|x64.Build.0 = Release|Any CPU
		{D77B99B5-8BB8-43C9-BC70-F0E9D21E1E96}.Release|x86.ActiveCfg = Release|Any CPU
		{D77B99B5-8BB8-43C9-BC70-F0E9D21E1E96}.Release|x86.Build.0 = Release|Any CPU
		{D77B99B5-8BB8-43C9-BC70-F0E9D21E1E96}.SingleImage|Any CPU.ActiveCfg = Debug|Any CPU
		{D77B99B5-8BB8-43C9-BC70-F0E9D21E1E96}.SingleImage|Any CPU.Build.0 = Debug|Any CPU
		{D77B99B5-8BB8-43C9-BC70-F0E9D21E1E96}.SingleImage|ARM.ActiveCfg = Debug|Any CPU
		{D77B99B5-8BB8-43C9-BC70-F0E9D21E1E96}.SingleImage|ARM.Build.0 = Debug|Any CPU
		{D77B99B5-8BB8-43C9-BC70-F0E9D21E1E96}.SingleImage|ARM64.ActiveCfg = Debug|Any CPU
		{D77B99B5-8BB8-43C9-BC70-F0E9D21E1E96}.SingleImage|ARM64.Build.0 = Debug|Any CPU
		{D77B99B5-8BB8-43C9-BC70-F0E9D21E1E96}.SingleImage|x64.ActiveCfg = Debug|Any CPU
		{D77B99B5-8BB8-43C9-BC70-F0E9D21E1E96}.SingleImage|x64.Build.0 = Debug|Any CPU
		{D77B99B5-8BB8-43C9-BC70-F0E9D21E1E96}.SingleImage|x86.ActiveCfg = Debug|Any CPU
		{D77B99B5-8BB8-43C9-BC70-F0E9D21E1E96}.SingleImage|x86.Build.0 = Debug|Any CPU
		{FF43BFB6-918C-4134-BFBB-E63CB2719A00}.CD_ROM|Any CPU.ActiveCfg = Release|x64
		{FF43BFB6-918C-4134-BFBB-E63CB2719A00}.CD_ROM|Any CPU.Build.0 = Release|x64
		{FF43BFB6-918C-4134-BFBB-E63CB2719A00}.CD_ROM|Any CPU.Deploy.0 = Release|x64
		{FF43BFB6-918C-4134-BFBB-E63CB2719A00}.CD_ROM|ARM.ActiveCfg = Release|ARM
		{FF43BFB6-918C-4134-BFBB-E63CB2719A00}.CD_ROM|ARM.Build.0 = Release|ARM
		{FF43BFB6-918C-4134-BFBB-E63CB2719A00}.CD_ROM|ARM.Deploy.0 = Release|ARM
		{FF43BFB6-918C-4134-BFBB-E63CB2719A00}.CD_ROM|ARM64.ActiveCfg = Debug|x64
		{FF43BFB6-918C-4134-BFBB-E63CB2719A00}.CD_ROM|ARM64.Build.0 = Debug|x64
		{FF43BFB6-918C-4134-BFBB-E63CB2719A00}.CD_ROM|ARM64.Deploy.0 = Debug|x64
		{FF43BFB6-918C-4134-BFBB-E63CB2719A00}.CD_ROM|x64.ActiveCfg = Release|x64
		{FF43BFB6-918C-4134-BFBB-E63CB2719A00}.CD_ROM|x64.Build.0 = Release|x64
		{FF43BFB6-918C-4134-BFBB-E63CB2719A00}.CD_ROM|x64.Deploy.0 = Release|x64
		{FF43BFB6-918C-4134-BFBB-E63CB2719A00}.CD_ROM|x86.ActiveCfg = Release|x86
		{FF43BFB6-918C-4134-BFBB-E63CB2719A00}.CD_ROM|x86.Build.0 = Release|x86
		{FF43BFB6-918C-4134-BFBB-E63CB2719A00}.CD_ROM|x86.Deploy.0 = Release|x86
		{FF43BFB6-918C-4134-BFBB-E63CB2719A00}.Debug|Any CPU.ActiveCfg = Debug|x86
		{FF43BFB6-918C-4134-BFBB-E63CB2719A00}.Debug|ARM.ActiveCfg = Debug|ARM
		{FF43BFB6-918C-4134-BFBB-E63CB2719A00}.Debug|ARM.Build.0 = Debug|ARM
		{FF43BFB6-918C-4134-BFBB-E63CB2719A00}.Debug|ARM.Deploy.0 = Debug|ARM
		{FF43BFB6-918C-4134-BFBB-E63CB2719A00}.Debug|ARM64.ActiveCfg = Debug|x86
		{FF43BFB6-918C-4134-BFBB-E63CB2719A00}.Debug|x64.ActiveCfg = Debug|x64
		{FF43BFB6-918C-4134-BFBB-E63CB2719A00}.Debug|x64.Build.0 = Debug|x64
		{FF43BFB6-918C-4134-BFBB-E63CB2719A00}.Debug|x64.Deploy.0 = Debug|x64
		{FF43BFB6-918C-4134-BFBB-E63CB2719A00}.Debug|x86.ActiveCfg = Debug|x86
		{FF43BFB6-918C-4134-BFBB-E63CB2719A00}.DVD-5|Any CPU.ActiveCfg = Release|x64
		{FF43BFB6-918C-4134-BFBB-E63CB2719A00}.DVD-5|Any CPU.Build.0 = Release|x64
		{FF43BFB6-918C-4134-BFBB-E63CB2719A00}.DVD-5|Any CPU.Deploy.0 = Release|x64
		{FF43BFB6-918C-4134-BFBB-E63CB2719A00}.DVD-5|ARM.ActiveCfg = Debug|ARM
		{FF43BFB6-918C-4134-BFBB-E63CB2719A00}.DVD-5|ARM.Build.0 = Debug|ARM
		{FF43BFB6-918C-4134-BFBB-E63CB2719A00}.DVD-5|ARM.Deploy.0 = Debug|ARM
		{FF43BFB6-918C-4134-BFBB-E63CB2719A00}.DVD-5|ARM64.ActiveCfg = Debug|x64
		{FF43BFB6-918C-4134-BFBB-E63CB2719A00}.DVD-5|ARM64.Build.0 = Debug|x64
		{FF43BFB6-918C-4134-BFBB-E63CB2719A00}.DVD-5|ARM64.Deploy.0 = Debug|x64
		{FF43BFB6-918C-4134-BFBB-E63CB2719A00}.DVD-5|x64.ActiveCfg = Debug|x64
		{FF43BFB6-918C-4134-BFBB-E63CB2719A00}.DVD-5|x64.Build.0 = Debug|x64
		{FF43BFB6-918C-4134-BFBB-E63CB2719A00}.DVD-5|x64.Deploy.0 = Debug|x64
		{FF43BFB6-918C-4134-BFBB-E63CB2719A00}.DVD-5|x86.ActiveCfg = Debug|x86
		{FF43BFB6-918C-4134-BFBB-E63CB2719A00}.DVD-5|x86.Build.0 = Debug|x86
		{FF43BFB6-918C-4134-BFBB-E63CB2719A00}.DVD-5|x86.Deploy.0 = Debug|x86
		{FF43BFB6-918C-4134-BFBB-E63CB2719A00}.Release|Any CPU.ActiveCfg = Release|x86
		{FF43BFB6-918C-4134-BFBB-E63CB2719A00}.Release|ARM.ActiveCfg = Release|ARM
		{FF43BFB6-918C-4134-BFBB-E63CB2719A00}.Release|ARM.Build.0 = Release|ARM
		{FF43BFB6-918C-4134-BFBB-E63CB2719A00}.Release|ARM.Deploy.0 = Release|ARM
		{FF43BFB6-918C-4134-BFBB-E63CB2719A00}.Release|ARM64.ActiveCfg = Release|x86
		{FF43BFB6-918C-4134-BFBB-E63CB2719A00}.Release|x64.ActiveCfg = Release|x64
		{FF43BFB6-918C-4134-BFBB-E63CB2719A00}.Release|x64.Build.0 = Release|x64
		{FF43BFB6-918C-4134-BFBB-E63CB2719A00}.Release|x64.Deploy.0 = Release|x64
		{FF43BFB6-918C-4134-BFBB-E63CB2719A00}.Release|x86.ActiveCfg = Release|x86
		{FF43BFB6-918C-4134-BFBB-E63CB2719A00}.Release|x86.Build.0 = Release|x86
		{FF43BFB6-918C-4134-BFBB-E63CB2719A00}.Release|x86.Deploy.0 = Release|x86
		{FF43BFB6-918C-4134-BFBB-E63CB2719A00}.SingleImage|Any CPU.ActiveCfg = Release|x64
		{FF43BFB6-918C-4134-BFBB-E63CB2719A00}.SingleImage|Any CPU.Build.0 = Release|x64
		{FF43BFB6-918C-4134-BFBB-E63CB2719A00}.SingleImage|Any CPU.Deploy.0 = Release|x64
		{FF43BFB6-918C-4134-BFBB-E63CB2719A00}.SingleImage|ARM.ActiveCfg = Release|ARM
		{FF43BFB6-918C-4134-BFBB-E63CB2719A00}.SingleImage|ARM.Build.0 = Release|ARM
		{FF43BFB6-918C-4134-BFBB-E63CB2719A00}.SingleImage|ARM.Deploy.0 = Release|ARM
		{FF43BFB6-918C-4134-BFBB-E63CB2719A00}.SingleImage|ARM64.ActiveCfg = Debug|x64
		{FF43BFB6-918C-4134-BFBB-E63CB2719A00}.SingleImage|ARM64.Build.0 = Debug|x64
		{FF43BFB6-918C-4134-BFBB-E63CB2719A00}.SingleImage|ARM64.Deploy.0 = Debug|x64
		{FF43BFB6-918C-4134-BFBB-E63CB2719A00}.SingleImage|x64.ActiveCfg = Release|x64
		{FF43BFB6-918C-4134-BFBB-E63CB2719A00}.SingleImage|x64.Build.0 = Release|x64
		{FF43BFB6-918C-4134-BFBB-E63CB2719A00}.SingleImage|x64.Deploy.0 = Release|x64
		{FF43BFB6-918C-4134-BFBB-E63CB2719A00}.SingleImage|x86.ActiveCfg = Debug|x86
		{FF43BFB6-918C-4134-BFBB-E63CB2719A00}.SingleImage|x86.Build.0 = Debug|x86
		{FF43BFB6-918C-4134-BFBB-E63CB2719A00}.SingleImage|x86.Deploy.0 = Debug|x86
		{3D72A2C4-9C82-45F1-A74A-D208D19E02E4}.CD_ROM|Any CPU.ActiveCfg = Release|x64
		{3D72A2C4-9C82-45F1-A74A-D208D19E02E4}.CD_ROM|Any CPU.Build.0 = Release|x64
		{3D72A2C4-9C82-45F1-A74A-D208D19E02E4}.CD_ROM|Any CPU.Deploy.0 = Release|x64
		{3D72A2C4-9C82-45F1-A74A-D208D19E02E4}.CD_ROM|ARM.ActiveCfg = Release|ARM
		{3D72A2C4-9C82-45F1-A74A-D208D19E02E4}.CD_ROM|ARM.Build.0 = Release|ARM
		{3D72A2C4-9C82-45F1-A74A-D208D19E02E4}.CD_ROM|ARM.Deploy.0 = Release|ARM
		{3D72A2C4-9C82-45F1-A74A-D208D19E02E4}.CD_ROM|ARM64.ActiveCfg = Debug|x64
		{3D72A2C4-9C82-45F1-A74A-D208D19E02E4}.CD_ROM|ARM64.Build.0 = Debug|x64
		{3D72A2C4-9C82-45F1-A74A-D208D19E02E4}.CD_ROM|ARM64.Deploy.0 = Debug|x64
		{3D72A2C4-9C82-45F1-A74A-D208D19E02E4}.CD_ROM|x64.ActiveCfg = Release|x64
		{3D72A2C4-9C82-45F1-A74A-D208D19E02E4}.CD_ROM|x64.Build.0 = Release|x64
		{3D72A2C4-9C82-45F1-A74A-D208D19E02E4}.CD_ROM|x64.Deploy.0 = Release|x64
		{3D72A2C4-9C82-45F1-A74A-D208D19E02E4}.CD_ROM|x86.ActiveCfg = Release|x86
		{3D72A2C4-9C82-45F1-A74A-D208D19E02E4}.CD_ROM|x86.Build.0 = Release|x86
		{3D72A2C4-9C82-45F1-A74A-D208D19E02E4}.CD_ROM|x86.Deploy.0 = Release|x86
		{3D72A2C4-9C82-45F1-A74A-D208D19E02E4}.Debug|Any CPU.ActiveCfg = Debug|x86
		{3D72A2C4-9C82-45F1-A74A-D208D19E02E4}.Debug|ARM.ActiveCfg = Debug|ARM
		{3D72A2C4-9C82-45F1-A74A-D208D19E02E4}.Debug|ARM.Build.0 = Debug|ARM
		{3D72A2C4-9C82-45F1-A74A-D208D19E02E4}.Debug|ARM.Deploy.0 = Debug|ARM
		{3D72A2C4-9C82-45F1-A74A-D208D19E02E4}.Debug|ARM64.ActiveCfg = Debug|x86
		{3D72A2C4-9C82-45F1-A74A-D208D19E02E4}.Debug|x64.ActiveCfg = Debug|x64
		{3D72A2C4-9C82-45F1-A74A-D208D19E02E4}.Debug|x64.Build.0 = Debug|x64
		{3D72A2C4-9C82-45F1-A74A-D208D19E02E4}.Debug|x64.Deploy.0 = Debug|x64
		{3D72A2C4-9C82-45F1-A74A-D208D19E02E4}.Debug|x86.ActiveCfg = Debug|x86
		{3D72A2C4-9C82-45F1-A74A-D208D19E02E4}.DVD-5|Any CPU.ActiveCfg = Release|x64
		{3D72A2C4-9C82-45F1-A74A-D208D19E02E4}.DVD-5|Any CPU.Build.0 = Release|x64
		{3D72A2C4-9C82-45F1-A74A-D208D19E02E4}.DVD-5|Any CPU.Deploy.0 = Release|x64
		{3D72A2C4-9C82-45F1-A74A-D208D19E02E4}.DVD-5|ARM.ActiveCfg = Debug|ARM
		{3D72A2C4-9C82-45F1-A74A-D208D19E02E4}.DVD-5|ARM.Build.0 = Debug|ARM
		{3D72A2C4-9C82-45F1-A74A-D208D19E02E4}.DVD-5|ARM.Deploy.0 = Debug|ARM
		{3D72A2C4-9C82-45F1-A74A-D208D19E02E4}.DVD-5|ARM64.ActiveCfg = Debug|x64
		{3D72A2C4-9C82-45F1-A74A-D208D19E02E4}.DVD-5|ARM64.Build.0 = Debug|x64
		{3D72A2C4-9C82-45F1-A74A-D208D19E02E4}.DVD-5|ARM64.Deploy.0 = Debug|x64
		{3D72A2C4-9C82-45F1-A74A-D208D19E02E4}.DVD-5|x64.ActiveCfg = Debug|x64
		{3D72A2C4-9C82-45F1-A74A-D208D19E02E4}.DVD-5|x64.Build.0 = Debug|x64
		{3D72A2C4-9C82-45F1-A74A-D208D19E02E4}.DVD-5|x64.Deploy.0 = Debug|x64
		{3D72A2C4-9C82-45F1-A74A-D208D19E02E4}.DVD-5|x86.ActiveCfg = Debug|x86
		{3D72A2C4-9C82-45F1-A74A-D208D19E02E4}.DVD-5|x86.Build.0 = Debug|x86
		{3D72A2C4-9C82-45F1-A74A-D208D19E02E4}.DVD-5|x86.Deploy.0 = Debug|x86
		{3D72A2C4-9C82-45F1-A74A-D208D19E02E4}.Release|Any CPU.ActiveCfg = Release|x86
		{3D72A2C4-9C82-45F1-A74A-D208D19E02E4}.Release|ARM.ActiveCfg = Release|ARM
		{3D72A2C4-9C82-45F1-A74A-D208D19E02E4}.Release|ARM.Build.0 = Release|ARM
		{3D72A2C4-9C82-45F1-A74A-D208D19E02E4}.Release|ARM.Deploy.0 = Release|ARM
		{3D72A2C4-9C82-45F1-A74A-D208D19E02E4}.Release|ARM64.ActiveCfg = Release|x86
		{3D72A2C4-9C82-45F1-A74A-D208D19E02E4}.Release|x64.ActiveCfg = Release|x64
		{3D72A2C4-9C82-45F1-A74A-D208D19E02E4}.Release|x64.Build.0 = Release|x64
		{3D72A2C4-9C82-45F1-A74A-D208D19E02E4}.Release|x64.Deploy.0 = Release|x64
		{3D72A2C4-9C82-45F1-A74A-D208D19E02E4}.Release|x86.ActiveCfg = Release|x86
		{3D72A2C4-9C82-45F1-A74A-D208D19E02E4}.Release|x86.Build.0 = Release|x86
		{3D72A2C4-9C82-45F1-A74A-D208D19E02E4}.Release|x86.Deploy.0 = Release|x86
		{3D72A2C4-9C82-45F1-A74A-D208D19E02E4}.SingleImage|Any CPU.ActiveCfg = Release|x64
		{3D72A2C4-9C82-45F1-A74A-D208D19E02E4}.SingleImage|Any CPU.Build.0 = Release|x64
		{3D72A2C4-9C82-45F1-A74A-D208D19E02E4}.SingleImage|Any CPU.Deploy.0 = Release|x64
		{3D72A2C4-9C82-45F1-A74A-D208D19E02E4}.SingleImage|ARM.ActiveCfg = Release|ARM
		{3D72A2C4-9C82-45F1-A74A-D208D19E02E4}.SingleImage|ARM.Build.0 = Release|ARM
		{3D72A2C4-9C82-45F1-A74A-D208D19E02E4}.SingleImage|ARM.Deploy.0 = Release|ARM
		{3D72A2C4-9C82-45F1-A74A-D208D19E02E4}.SingleImage|ARM64.ActiveCfg = Debug|x64
		{3D72A2C4-9C82-45F1-A74A-D208D19E02E4}.SingleImage|ARM64.Build.0 = Debug|x64
		{3D72A2C4-9C82-45F1-A74A-D208D19E02E4}.SingleImage|ARM64.Deploy.0 = Debug|x64
		{3D72A2C4-9C82-45F1-A74A-D208D19E02E4}.SingleImage|x64.ActiveCfg = Release|x64
		{3D72A2C4-9C82-45F1-A74A-D208D19E02E4}.SingleImage|x64.Build.0 = Release|x64
		{3D72A2C4-9C82-45F1-A74A-D208D19E02E4}.SingleImage|x64.Deploy.0 = Release|x64
		{3D72A2C4-9C82-45F1-A74A-D208D19E02E4}.SingleImage|x86.ActiveCfg = Release|x86
		{3D72A2C4-9C82-45F1-A74A-D208D19E02E4}.SingleImage|x86.Build.0 = Release|x86
		{3D72A2C4-9C82-45F1-A74A-D208D19E02E4}.SingleImage|x86.Deploy.0 = Release|x86
		{D8CA10DF-EB46-4635-968C-97AF72DFB151}.CD_ROM|Any CPU.ActiveCfg = Release|x64
		{D8CA10DF-EB46-4635-968C-97AF72DFB151}.CD_ROM|Any CPU.Build.0 = Release|x64
		{D8CA10DF-EB46-4635-968C-97AF72DFB151}.CD_ROM|Any CPU.Deploy.0 = Release|x64
		{D8CA10DF-EB46-4635-968C-97AF72DFB151}.CD_ROM|ARM.ActiveCfg = Release|ARM
		{D8CA10DF-EB46-4635-968C-97AF72DFB151}.CD_ROM|ARM.Build.0 = Release|ARM
		{D8CA10DF-EB46-4635-968C-97AF72DFB151}.CD_ROM|ARM.Deploy.0 = Release|ARM
		{D8CA10DF-EB46-4635-968C-97AF72DFB151}.CD_ROM|ARM64.ActiveCfg = Debug|x64
		{D8CA10DF-EB46-4635-968C-97AF72DFB151}.CD_ROM|ARM64.Build.0 = Debug|x64
		{D8CA10DF-EB46-4635-968C-97AF72DFB151}.CD_ROM|ARM64.Deploy.0 = Debug|x64
		{D8CA10DF-EB46-4635-968C-97AF72DFB151}.CD_ROM|x64.ActiveCfg = Release|x64
		{D8CA10DF-EB46-4635-968C-97AF72DFB151}.CD_ROM|x64.Build.0 = Release|x64
		{D8CA10DF-EB46-4635-968C-97AF72DFB151}.CD_ROM|x64.Deploy.0 = Release|x64
		{D8CA10DF-EB46-4635-968C-97AF72DFB151}.CD_ROM|x86.ActiveCfg = Release|x86
		{D8CA10DF-EB46-4635-968C-97AF72DFB151}.CD_ROM|x86.Build.0 = Release|x86
		{D8CA10DF-EB46-4635-968C-97AF72DFB151}.CD_ROM|x86.Deploy.0 = Release|x86
		{D8CA10DF-EB46-4635-968C-97AF72DFB151}.Debug|Any CPU.ActiveCfg = Debug|x86
		{D8CA10DF-EB46-4635-968C-97AF72DFB151}.Debug|ARM.ActiveCfg = Debug|ARM
		{D8CA10DF-EB46-4635-968C-97AF72DFB151}.Debug|ARM.Build.0 = Debug|ARM
		{D8CA10DF-EB46-4635-968C-97AF72DFB151}.Debug|ARM.Deploy.0 = Debug|ARM
		{D8CA10DF-EB46-4635-968C-97AF72DFB151}.Debug|ARM64.ActiveCfg = Debug|x86
		{D8CA10DF-EB46-4635-968C-97AF72DFB151}.Debug|x64.ActiveCfg = Debug|x64
		{D8CA10DF-EB46-4635-968C-97AF72DFB151}.Debug|x64.Build.0 = Debug|x64
		{D8CA10DF-EB46-4635-968C-97AF72DFB151}.Debug|x64.Deploy.0 = Debug|x64
		{D8CA10DF-EB46-4635-968C-97AF72DFB151}.Debug|x86.ActiveCfg = Debug|x86
		{D8CA10DF-EB46-4635-968C-97AF72DFB151}.DVD-5|Any CPU.ActiveCfg = Release|x64
		{D8CA10DF-EB46-4635-968C-97AF72DFB151}.DVD-5|Any CPU.Build.0 = Release|x64
		{D8CA10DF-EB46-4635-968C-97AF72DFB151}.DVD-5|Any CPU.Deploy.0 = Release|x64
		{D8CA10DF-EB46-4635-968C-97AF72DFB151}.DVD-5|ARM.ActiveCfg = Debug|ARM
		{D8CA10DF-EB46-4635-968C-97AF72DFB151}.DVD-5|ARM.Build.0 = Debug|ARM
		{D8CA10DF-EB46-4635-968C-97AF72DFB151}.DVD-5|ARM.Deploy.0 = Debug|ARM
		{D8CA10DF-EB46-4635-968C-97AF72DFB151}.DVD-5|ARM64.ActiveCfg = Debug|x64
		{D8CA10DF-EB46-4635-968C-97AF72DFB151}.DVD-5|ARM64.Build.0 = Debug|x64
		{D8CA10DF-EB46-4635-968C-97AF72DFB151}.DVD-5|ARM64.Deploy.0 = Debug|x64
		{D8CA10DF-EB46-4635-968C-97AF72DFB151}.DVD-5|x64.ActiveCfg = Debug|x64
		{D8CA10DF-EB46-4635-968C-97AF72DFB151}.DVD-5|x64.Build.0 = Debug|x64
		{D8CA10DF-EB46-4635-968C-97AF72DFB151}.DVD-5|x64.Deploy.0 = Debug|x64
		{D8CA10DF-EB46-4635-968C-97AF72DFB151}.DVD-5|x86.ActiveCfg = Debug|x86
		{D8CA10DF-EB46-4635-968C-97AF72DFB151}.DVD-5|x86.Build.0 = Debug|x86
		{D8CA10DF-EB46-4635-968C-97AF72DFB151}.DVD-5|x86.Deploy.0 = Debug|x86
		{D8CA10DF-EB46-4635-968C-97AF72DFB151}.Release|Any CPU.ActiveCfg = Release|x86
		{D8CA10DF-EB46-4635-968C-97AF72DFB151}.Release|ARM.ActiveCfg = Release|ARM
		{D8CA10DF-EB46-4635-968C-97AF72DFB151}.Release|ARM.Build.0 = Release|ARM
		{D8CA10DF-EB46-4635-968C-97AF72DFB151}.Release|ARM.Deploy.0 = Release|ARM
		{D8CA10DF-EB46-4635-968C-97AF72DFB151}.Release|ARM64.ActiveCfg = Release|x86
		{D8CA10DF-EB46-4635-968C-97AF72DFB151}.Release|x64.ActiveCfg = Release|x64
		{D8CA10DF-EB46-4635-968C-97AF72DFB151}.Release|x64.Build.0 = Release|x64
		{D8CA10DF-EB46-4635-968C-97AF72DFB151}.Release|x64.Deploy.0 = Release|x64
		{D8CA10DF-EB46-4635-968C-97AF72DFB151}.Release|x86.ActiveCfg = Release|x86
		{D8CA10DF-EB46-4635-968C-97AF72DFB151}.Release|x86.Build.0 = Release|x86
		{D8CA10DF-EB46-4635-968C-97AF72DFB151}.Release|x86.Deploy.0 = Release|x86
		{D8CA10DF-EB46-4635-968C-97AF72DFB151}.SingleImage|Any CPU.ActiveCfg = Release|x64
		{D8CA10DF-EB46-4635-968C-97AF72DFB151}.SingleImage|Any CPU.Build.0 = Release|x64
		{D8CA10DF-EB46-4635-968C-97AF72DFB151}.SingleImage|Any CPU.Deploy.0 = Release|x64
		{D8CA10DF-EB46-4635-968C-97AF72DFB151}.SingleImage|ARM.ActiveCfg = Release|ARM
		{D8CA10DF-EB46-4635-968C-97AF72DFB151}.SingleImage|ARM.Build.0 = Release|ARM
		{D8CA10DF-EB46-4635-968C-97AF72DFB151}.SingleImage|ARM.Deploy.0 = Release|ARM
		{D8CA10DF-EB46-4635-968C-97AF72DFB151}.SingleImage|ARM64.ActiveCfg = Debug|x64
		{D8CA10DF-EB46-4635-968C-97AF72DFB151}.SingleImage|ARM64.Build.0 = Debug|x64
		{D8CA10DF-EB46-4635-968C-97AF72DFB151}.SingleImage|ARM64.Deploy.0 = Debug|x64
		{D8CA10DF-EB46-4635-968C-97AF72DFB151}.SingleImage|x64.ActiveCfg = Release|x64
		{D8CA10DF-EB46-4635-968C-97AF72DFB151}.SingleImage|x64.Build.0 = Release|x64
		{D8CA10DF-EB46-4635-968C-97AF72DFB151}.SingleImage|x64.Deploy.0 = Release|x64
		{D8CA10DF-EB46-4635-968C-97AF72DFB151}.SingleImage|x86.ActiveCfg = Release|x86
		{D8CA10DF-EB46-4635-968C-97AF72DFB151}.SingleImage|x86.Build.0 = Release|x86
		{D8CA10DF-EB46-4635-968C-97AF72DFB151}.SingleImage|x86.Deploy.0 = Release|x86
		{79C8ED46-5AEC-48F5-BEB1-E9E4D7F8C3C7}.CD_ROM|Any CPU.ActiveCfg = Release|x64
		{79C8ED46-5AEC-48F5-BEB1-E9E4D7F8C3C7}.CD_ROM|Any CPU.Build.0 = Release|x64
		{79C8ED46-5AEC-48F5-BEB1-E9E4D7F8C3C7}.CD_ROM|Any CPU.Deploy.0 = Release|x64
		{79C8ED46-5AEC-48F5-BEB1-E9E4D7F8C3C7}.CD_ROM|ARM.ActiveCfg = Release|ARM
		{79C8ED46-5AEC-48F5-BEB1-E9E4D7F8C3C7}.CD_ROM|ARM.Build.0 = Release|ARM
		{79C8ED46-5AEC-48F5-BEB1-E9E4D7F8C3C7}.CD_ROM|ARM.Deploy.0 = Release|ARM
		{79C8ED46-5AEC-48F5-BEB1-E9E4D7F8C3C7}.CD_ROM|ARM64.ActiveCfg = Debug|x64
		{79C8ED46-5AEC-48F5-BEB1-E9E4D7F8C3C7}.CD_ROM|ARM64.Build.0 = Debug|x64
		{79C8ED46-5AEC-48F5-BEB1-E9E4D7F8C3C7}.CD_ROM|ARM64.Deploy.0 = Debug|x64
		{79C8ED46-5AEC-48F5-BEB1-E9E4D7F8C3C7}.CD_ROM|x64.ActiveCfg = Release|x64
		{79C8ED46-5AEC-48F5-BEB1-E9E4D7F8C3C7}.CD_ROM|x64.Build.0 = Release|x64
		{79C8ED46-5AEC-48F5-BEB1-E9E4D7F8C3C7}.CD_ROM|x64.Deploy.0 = Release|x64
		{79C8ED46-5AEC-48F5-BEB1-E9E4D7F8C3C7}.CD_ROM|x86.ActiveCfg = Release|x86
		{79C8ED46-5AEC-48F5-BEB1-E9E4D7F8C3C7}.CD_ROM|x86.Build.0 = Release|x86
		{79C8ED46-5AEC-48F5-BEB1-E9E4D7F8C3C7}.CD_ROM|x86.Deploy.0 = Release|x86
		{79C8ED46-5AEC-48F5-BEB1-E9E4D7F8C3C7}.Debug|Any CPU.ActiveCfg = Debug|x86
		{79C8ED46-5AEC-48F5-BEB1-E9E4D7F8C3C7}.Debug|ARM.ActiveCfg = Debug|ARM
		{79C8ED46-5AEC-48F5-BEB1-E9E4D7F8C3C7}.Debug|ARM.Build.0 = Debug|ARM
		{79C8ED46-5AEC-48F5-BEB1-E9E4D7F8C3C7}.Debug|ARM.Deploy.0 = Debug|ARM
		{79C8ED46-5AEC-48F5-BEB1-E9E4D7F8C3C7}.Debug|ARM64.ActiveCfg = Debug|x86
		{79C8ED46-5AEC-48F5-BEB1-E9E4D7F8C3C7}.Debug|x64.ActiveCfg = Debug|x64
		{79C8ED46-5AEC-48F5-BEB1-E9E4D7F8C3C7}.Debug|x64.Build.0 = Debug|x64
		{79C8ED46-5AEC-48F5-BEB1-E9E4D7F8C3C7}.Debug|x64.Deploy.0 = Debug|x64
		{79C8ED46-5AEC-48F5-BEB1-E9E4D7F8C3C7}.Debug|x86.ActiveCfg = Debug|x86
		{79C8ED46-5AEC-48F5-BEB1-E9E4D7F8C3C7}.DVD-5|Any CPU.ActiveCfg = Release|x64
		{79C8ED46-5AEC-48F5-BEB1-E9E4D7F8C3C7}.DVD-5|Any CPU.Build.0 = Release|x64
		{79C8ED46-5AEC-48F5-BEB1-E9E4D7F8C3C7}.DVD-5|Any CPU.Deploy.0 = Release|x64
		{79C8ED46-5AEC-48F5-BEB1-E9E4D7F8C3C7}.DVD-5|ARM.ActiveCfg = Debug|ARM
		{79C8ED46-5AEC-48F5-BEB1-E9E4D7F8C3C7}.DVD-5|ARM.Build.0 = Debug|ARM
		{79C8ED46-5AEC-48F5-BEB1-E9E4D7F8C3C7}.DVD-5|ARM.Deploy.0 = Debug|ARM
		{79C8ED46-5AEC-48F5-BEB1-E9E4D7F8C3C7}.DVD-5|ARM64.ActiveCfg = Debug|x64
		{79C8ED46-5AEC-48F5-BEB1-E9E4D7F8C3C7}.DVD-5|ARM64.Build.0 = Debug|x64
		{79C8ED46-5AEC-48F5-BEB1-E9E4D7F8C3C7}.DVD-5|ARM64.Deploy.0 = Debug|x64
		{79C8ED46-5AEC-48F5-BEB1-E9E4D7F8C3C7}.DVD-5|x64.ActiveCfg = Debug|x64
		{79C8ED46-5AEC-48F5-BEB1-E9E4D7F8C3C7}.DVD-5|x64.Build.0 = Debug|x64
		{79C8ED46-5AEC-48F5-BEB1-E9E4D7F8C3C7}.DVD-5|x64.Deploy.0 = Debug|x64
		{79C8ED46-5AEC-48F5-BEB1-E9E4D7F8C3C7}.DVD-5|x86.ActiveCfg = Debug|x86
		{79C8ED46-5AEC-48F5-BEB1-E9E4D7F8C3C7}.DVD-5|x86.Build.0 = Debug|x86
		{79C8ED46-5AEC-48F5-BEB1-E9E4D7F8C3C7}.DVD-5|x86.Deploy.0 = Debug|x86
		{79C8ED46-5AEC-48F5-BEB1-E9E4D7F8C3C7}.Release|Any CPU.ActiveCfg = Release|x86
		{79C8ED46-5AEC-48F5-BEB1-E9E4D7F8C3C7}.Release|ARM.ActiveCfg = Release|ARM
		{79C8ED46-5AEC-48F5-BEB1-E9E4D7F8C3C7}.Release|ARM.Build.0 = Release|ARM
		{79C8ED46-5AEC-48F5-BEB1-E9E4D7F8C3C7}.Release|ARM.Deploy.0 = Release|ARM
		{79C8ED46-5AEC-48F5-BEB1-E9E4D7F8C3C7}.Release|ARM64.ActiveCfg = Release|x86
		{79C8ED46-5AEC-48F5-BEB1-E9E4D7F8C3C7}.Release|x64.ActiveCfg = Release|x64
		{79C8ED46-5AEC-48F5-BEB1-E9E4D7F8C3C7}.Release|x64.Build.0 = Release|x64
		{79C8ED46-5AEC-48F5-BEB1-E9E4D7F8C3C7}.Release|x64.Deploy.0 = Release|x64
		{79C8ED46-5AEC-48F5-BEB1-E9E4D7F8C3C7}.Release|x86.ActiveCfg = Release|x86
		{79C8ED46-5AEC-48F5-BEB1-E9E4D7F8C3C7}.Release|x86.Build.0 = Release|x86
		{79C8ED46-5AEC-48F5-BEB1-E9E4D7F8C3C7}.Release|x86.Deploy.0 = Release|x86
		{79C8ED46-5AEC-48F5-BEB1-E9E4D7F8C3C7}.SingleImage|Any CPU.ActiveCfg = Release|x64
		{79C8ED46-5AEC-48F5-BEB1-E9E4D7F8C3C7}.SingleImage|Any CPU.Build.0 = Release|x64
		{79C8ED46-5AEC-48F5-BEB1-E9E4D7F8C3C7}.SingleImage|Any CPU.Deploy.0 = Release|x64
		{79C8ED46-5AEC-48F5-BEB1-E9E4D7F8C3C7}.SingleImage|ARM.ActiveCfg = Release|ARM
		{79C8ED46-5AEC-48F5-BEB1-E9E4D7F8C3C7}.SingleImage|ARM.Build.0 = Release|ARM
		{79C8ED46-5AEC-48F5-BEB1-E9E4D7F8C3C7}.SingleImage|ARM.Deploy.0 = Release|ARM
		{79C8ED46-5AEC-48F5-BEB1-E9E4D7F8C3C7}.SingleImage|ARM64.ActiveCfg = Debug|x64
		{79C8ED46-5AEC-48F5-BEB1-E9E4D7F8C3C7}.SingleImage|ARM64.Build.0 = Debug|x64
		{79C8ED46-5AEC-48F5-BEB1-E9E4D7F8C3C7}.SingleImage|ARM64.Deploy.0 = Debug|x64
		{79C8ED46-5AEC-48F5-BEB1-E9E4D7F8C3C7}.SingleImage|x64.ActiveCfg = Release|x64
		{79C8ED46-5AEC-48F5-BEB1-E9E4D7F8C3C7}.SingleImage|x64.Build.0 = Release|x64
		{79C8ED46-5AEC-48F5-BEB1-E9E4D7F8C3C7}.SingleImage|x64.Deploy.0 = Release|x64
		{79C8ED46-5AEC-48F5-BEB1-E9E4D7F8C3C7}.SingleImage|x86.ActiveCfg = Release|x86
		{79C8ED46-5AEC-48F5-BEB1-E9E4D7F8C3C7}.SingleImage|x86.Build.0 = Release|x86
		{79C8ED46-5AEC-48F5-BEB1-E9E4D7F8C3C7}.SingleImage|x86.Deploy.0 = Release|x86
		{460804C6-3358-4E49-8D85-2F33D385E9AF}.CD_ROM|Any CPU.ActiveCfg = Debug|Any CPU
		{460804C6-3358-4E49-8D85-2F33D385E9AF}.CD_ROM|Any CPU.Build.0 = Debug|Any CPU
		{460804C6-3358-4E49-8D85-2F33D385E9AF}.CD_ROM|Any CPU.Deploy.0 = Debug|Any CPU
		{460804C6-3358-4E49-8D85-2F33D385E9AF}.CD_ROM|ARM.ActiveCfg = Debug|Any CPU
		{460804C6-3358-4E49-8D85-2F33D385E9AF}.CD_ROM|ARM.Build.0 = Debug|Any CPU
		{460804C6-3358-4E49-8D85-2F33D385E9AF}.CD_ROM|ARM.Deploy.0 = Debug|Any CPU
		{460804C6-3358-4E49-8D85-2F33D385E9AF}.CD_ROM|ARM64.ActiveCfg = Release|Any CPU
		{460804C6-3358-4E49-8D85-2F33D385E9AF}.CD_ROM|ARM64.Build.0 = Release|Any CPU
		{460804C6-3358-4E49-8D85-2F33D385E9AF}.CD_ROM|ARM64.Deploy.0 = Release|Any CPU
		{460804C6-3358-4E49-8D85-2F33D385E9AF}.CD_ROM|x64.ActiveCfg = Release|x64
		{460804C6-3358-4E49-8D85-2F33D385E9AF}.CD_ROM|x64.Build.0 = Release|x64
		{460804C6-3358-4E49-8D85-2F33D385E9AF}.CD_ROM|x64.Deploy.0 = Release|x64
		{460804C6-3358-4E49-8D85-2F33D385E9AF}.CD_ROM|x86.ActiveCfg = Release|x86
		{460804C6-3358-4E49-8D85-2F33D385E9AF}.CD_ROM|x86.Build.0 = Release|x86
		{460804C6-3358-4E49-8D85-2F33D385E9AF}.CD_ROM|x86.Deploy.0 = Release|x86
		{460804C6-3358-4E49-8D85-2F33D385E9AF}.Debug|Any CPU.ActiveCfg = Debug|Any CPU
		{460804C6-3358-4E49-8D85-2F33D385E9AF}.Debug|Any CPU.Build.0 = Debug|Any CPU
		{460804C6-3358-4E49-8D85-2F33D385E9AF}.Debug|Any CPU.Deploy.0 = Debug|Any CPU
		{460804C6-3358-4E49-8D85-2F33D385E9AF}.Debug|ARM.ActiveCfg = Debug|Any CPU
		{460804C6-3358-4E49-8D85-2F33D385E9AF}.Debug|ARM.Build.0 = Debug|Any CPU
		{460804C6-3358-4E49-8D85-2F33D385E9AF}.Debug|ARM.Deploy.0 = Debug|Any CPU
		{460804C6-3358-4E49-8D85-2F33D385E9AF}.Debug|ARM64.ActiveCfg = Debug|Any CPU
		{460804C6-3358-4E49-8D85-2F33D385E9AF}.Debug|ARM64.Build.0 = Debug|Any CPU
		{460804C6-3358-4E49-8D85-2F33D385E9AF}.Debug|ARM64.Deploy.0 = Debug|Any CPU
		{460804C6-3358-4E49-8D85-2F33D385E9AF}.Debug|x64.ActiveCfg = Debug|x64
		{460804C6-3358-4E49-8D85-2F33D385E9AF}.Debug|x64.Build.0 = Debug|x64
		{460804C6-3358-4E49-8D85-2F33D385E9AF}.Debug|x64.Deploy.0 = Debug|x64
		{460804C6-3358-4E49-8D85-2F33D385E9AF}.Debug|x86.ActiveCfg = Debug|x86
		{460804C6-3358-4E49-8D85-2F33D385E9AF}.Debug|x86.Build.0 = Debug|x86
		{460804C6-3358-4E49-8D85-2F33D385E9AF}.Debug|x86.Deploy.0 = Debug|x86
		{460804C6-3358-4E49-8D85-2F33D385E9AF}.DVD-5|Any CPU.ActiveCfg = Debug|Any CPU
		{460804C6-3358-4E49-8D85-2F33D385E9AF}.DVD-5|Any CPU.Build.0 = Debug|Any CPU
		{460804C6-3358-4E49-8D85-2F33D385E9AF}.DVD-5|Any CPU.Deploy.0 = Debug|Any CPU
		{460804C6-3358-4E49-8D85-2F33D385E9AF}.DVD-5|ARM.ActiveCfg = Debug|Any CPU
		{460804C6-3358-4E49-8D85-2F33D385E9AF}.DVD-5|ARM.Build.0 = Debug|Any CPU
		{460804C6-3358-4E49-8D85-2F33D385E9AF}.DVD-5|ARM.Deploy.0 = Debug|Any CPU
		{460804C6-3358-4E49-8D85-2F33D385E9AF}.DVD-5|ARM64.ActiveCfg = Debug|Any CPU
		{460804C6-3358-4E49-8D85-2F33D385E9AF}.DVD-5|ARM64.Build.0 = Debug|Any CPU
		{460804C6-3358-4E49-8D85-2F33D385E9AF}.DVD-5|ARM64.Deploy.0 = Debug|Any CPU
		{460804C6-3358-4E49-8D85-2F33D385E9AF}.DVD-5|x64.ActiveCfg = Debug|x64
		{460804C6-3358-4E49-8D85-2F33D385E9AF}.DVD-5|x64.Build.0 = Debug|x64
		{460804C6-3358-4E49-8D85-2F33D385E9AF}.DVD-5|x64.Deploy.0 = Debug|x64
		{460804C6-3358-4E49-8D85-2F33D385E9AF}.DVD-5|x86.ActiveCfg = Debug|x86
		{460804C6-3358-4E49-8D85-2F33D385E9AF}.DVD-5|x86.Build.0 = Debug|x86
		{460804C6-3358-4E49-8D85-2F33D385E9AF}.DVD-5|x86.Deploy.0 = Debug|x86
		{460804C6-3358-4E49-8D85-2F33D385E9AF}.Release|Any CPU.ActiveCfg = Release|Any CPU
		{460804C6-3358-4E49-8D85-2F33D385E9AF}.Release|Any CPU.Build.0 = Release|Any CPU
		{460804C6-3358-4E49-8D85-2F33D385E9AF}.Release|Any CPU.Deploy.0 = Release|Any CPU
		{460804C6-3358-4E49-8D85-2F33D385E9AF}.Release|ARM.ActiveCfg = Release|Any CPU
		{460804C6-3358-4E49-8D85-2F33D385E9AF}.Release|ARM.Build.0 = Release|Any CPU
		{460804C6-3358-4E49-8D85-2F33D385E9AF}.Release|ARM.Deploy.0 = Release|Any CPU
		{460804C6-3358-4E49-8D85-2F33D385E9AF}.Release|ARM64.ActiveCfg = Release|Any CPU
		{460804C6-3358-4E49-8D85-2F33D385E9AF}.Release|ARM64.Build.0 = Release|Any CPU
		{460804C6-3358-4E49-8D85-2F33D385E9AF}.Release|ARM64.Deploy.0 = Release|Any CPU
		{460804C6-3358-4E49-8D85-2F33D385E9AF}.Release|x64.ActiveCfg = Release|x64
		{460804C6-3358-4E49-8D85-2F33D385E9AF}.Release|x64.Build.0 = Release|x64
		{460804C6-3358-4E49-8D85-2F33D385E9AF}.Release|x64.Deploy.0 = Release|x64
		{460804C6-3358-4E49-8D85-2F33D385E9AF}.Release|x86.ActiveCfg = Release|x86
		{460804C6-3358-4E49-8D85-2F33D385E9AF}.Release|x86.Build.0 = Release|x86
		{460804C6-3358-4E49-8D85-2F33D385E9AF}.Release|x86.Deploy.0 = Release|x86
		{460804C6-3358-4E49-8D85-2F33D385E9AF}.SingleImage|Any CPU.ActiveCfg = Debug|Any CPU
		{460804C6-3358-4E49-8D85-2F33D385E9AF}.SingleImage|Any CPU.Build.0 = Debug|Any CPU
		{460804C6-3358-4E49-8D85-2F33D385E9AF}.SingleImage|Any CPU.Deploy.0 = Debug|Any CPU
		{460804C6-3358-4E49-8D85-2F33D385E9AF}.SingleImage|ARM.ActiveCfg = Debug|Any CPU
		{460804C6-3358-4E49-8D85-2F33D385E9AF}.SingleImage|ARM.Build.0 = Debug|Any CPU
		{460804C6-3358-4E49-8D85-2F33D385E9AF}.SingleImage|ARM.Deploy.0 = Debug|Any CPU
		{460804C6-3358-4E49-8D85-2F33D385E9AF}.SingleImage|ARM64.ActiveCfg = Release|Any CPU
		{460804C6-3358-4E49-8D85-2F33D385E9AF}.SingleImage|ARM64.Build.0 = Release|Any CPU
		{460804C6-3358-4E49-8D85-2F33D385E9AF}.SingleImage|ARM64.Deploy.0 = Release|Any CPU
		{460804C6-3358-4E49-8D85-2F33D385E9AF}.SingleImage|x64.ActiveCfg = Release|x64
		{460804C6-3358-4E49-8D85-2F33D385E9AF}.SingleImage|x64.Build.0 = Release|x64
		{460804C6-3358-4E49-8D85-2F33D385E9AF}.SingleImage|x64.Deploy.0 = Release|x64
		{460804C6-3358-4E49-8D85-2F33D385E9AF}.SingleImage|x86.ActiveCfg = Release|x86
		{460804C6-3358-4E49-8D85-2F33D385E9AF}.SingleImage|x86.Build.0 = Release|x86
		{460804C6-3358-4E49-8D85-2F33D385E9AF}.SingleImage|x86.Deploy.0 = Release|x86
		{A1A70D72-1E7A-42AA-AA62-F61B752BFF96}.CD_ROM|Any CPU.ActiveCfg = Debug|Any CPU
		{A1A70D72-1E7A-42AA-AA62-F61B752BFF96}.CD_ROM|Any CPU.Build.0 = Debug|Any CPU
		{A1A70D72-1E7A-42AA-AA62-F61B752BFF96}.CD_ROM|Any CPU.Deploy.0 = Debug|Any CPU
		{A1A70D72-1E7A-42AA-AA62-F61B752BFF96}.CD_ROM|ARM.ActiveCfg = Debug|Any CPU
		{A1A70D72-1E7A-42AA-AA62-F61B752BFF96}.CD_ROM|ARM.Build.0 = Debug|Any CPU
		{A1A70D72-1E7A-42AA-AA62-F61B752BFF96}.CD_ROM|ARM.Deploy.0 = Debug|Any CPU
		{A1A70D72-1E7A-42AA-AA62-F61B752BFF96}.CD_ROM|ARM64.ActiveCfg = Release|Any CPU
		{A1A70D72-1E7A-42AA-AA62-F61B752BFF96}.CD_ROM|ARM64.Build.0 = Release|Any CPU
		{A1A70D72-1E7A-42AA-AA62-F61B752BFF96}.CD_ROM|ARM64.Deploy.0 = Release|Any CPU
		{A1A70D72-1E7A-42AA-AA62-F61B752BFF96}.CD_ROM|x64.ActiveCfg = Release|x64
		{A1A70D72-1E7A-42AA-AA62-F61B752BFF96}.CD_ROM|x64.Build.0 = Release|x64
		{A1A70D72-1E7A-42AA-AA62-F61B752BFF96}.CD_ROM|x64.Deploy.0 = Release|x64
		{A1A70D72-1E7A-42AA-AA62-F61B752BFF96}.CD_ROM|x86.ActiveCfg = Release|x86
		{A1A70D72-1E7A-42AA-AA62-F61B752BFF96}.CD_ROM|x86.Build.0 = Release|x86
		{A1A70D72-1E7A-42AA-AA62-F61B752BFF96}.CD_ROM|x86.Deploy.0 = Release|x86
		{A1A70D72-1E7A-42AA-AA62-F61B752BFF96}.Debug|Any CPU.ActiveCfg = Debug|Any CPU
		{A1A70D72-1E7A-42AA-AA62-F61B752BFF96}.Debug|Any CPU.Build.0 = Debug|Any CPU
		{A1A70D72-1E7A-42AA-AA62-F61B752BFF96}.Debug|Any CPU.Deploy.0 = Debug|Any CPU
		{A1A70D72-1E7A-42AA-AA62-F61B752BFF96}.Debug|ARM.ActiveCfg = Debug|Any CPU
		{A1A70D72-1E7A-42AA-AA62-F61B752BFF96}.Debug|ARM.Build.0 = Debug|Any CPU
		{A1A70D72-1E7A-42AA-AA62-F61B752BFF96}.Debug|ARM.Deploy.0 = Debug|Any CPU
		{A1A70D72-1E7A-42AA-AA62-F61B752BFF96}.Debug|ARM64.ActiveCfg = Debug|Any CPU
		{A1A70D72-1E7A-42AA-AA62-F61B752BFF96}.Debug|ARM64.Build.0 = Debug|Any CPU
		{A1A70D72-1E7A-42AA-AA62-F61B752BFF96}.Debug|ARM64.Deploy.0 = Debug|Any CPU
		{A1A70D72-1E7A-42AA-AA62-F61B752BFF96}.Debug|x64.ActiveCfg = Debug|x64
		{A1A70D72-1E7A-42AA-AA62-F61B752BFF96}.Debug|x64.Build.0 = Debug|x64
		{A1A70D72-1E7A-42AA-AA62-F61B752BFF96}.Debug|x64.Deploy.0 = Debug|x64
		{A1A70D72-1E7A-42AA-AA62-F61B752BFF96}.Debug|x86.ActiveCfg = Debug|x86
		{A1A70D72-1E7A-42AA-AA62-F61B752BFF96}.Debug|x86.Build.0 = Debug|x86
		{A1A70D72-1E7A-42AA-AA62-F61B752BFF96}.Debug|x86.Deploy.0 = Debug|x86
		{A1A70D72-1E7A-42AA-AA62-F61B752BFF96}.DVD-5|Any CPU.ActiveCfg = Debug|Any CPU
		{A1A70D72-1E7A-42AA-AA62-F61B752BFF96}.DVD-5|Any CPU.Build.0 = Debug|Any CPU
		{A1A70D72-1E7A-42AA-AA62-F61B752BFF96}.DVD-5|Any CPU.Deploy.0 = Debug|Any CPU
		{A1A70D72-1E7A-42AA-AA62-F61B752BFF96}.DVD-5|ARM.ActiveCfg = Debug|Any CPU
		{A1A70D72-1E7A-42AA-AA62-F61B752BFF96}.DVD-5|ARM.Build.0 = Debug|Any CPU
		{A1A70D72-1E7A-42AA-AA62-F61B752BFF96}.DVD-5|ARM.Deploy.0 = Debug|Any CPU
		{A1A70D72-1E7A-42AA-AA62-F61B752BFF96}.DVD-5|ARM64.ActiveCfg = Debug|Any CPU
		{A1A70D72-1E7A-42AA-AA62-F61B752BFF96}.DVD-5|ARM64.Build.0 = Debug|Any CPU
		{A1A70D72-1E7A-42AA-AA62-F61B752BFF96}.DVD-5|ARM64.Deploy.0 = Debug|Any CPU
		{A1A70D72-1E7A-42AA-AA62-F61B752BFF96}.DVD-5|x64.ActiveCfg = Debug|x64
		{A1A70D72-1E7A-42AA-AA62-F61B752BFF96}.DVD-5|x64.Build.0 = Debug|x64
		{A1A70D72-1E7A-42AA-AA62-F61B752BFF96}.DVD-5|x64.Deploy.0 = Debug|x64
		{A1A70D72-1E7A-42AA-AA62-F61B752BFF96}.DVD-5|x86.ActiveCfg = Debug|x86
		{A1A70D72-1E7A-42AA-AA62-F61B752BFF96}.DVD-5|x86.Build.0 = Debug|x86
		{A1A70D72-1E7A-42AA-AA62-F61B752BFF96}.DVD-5|x86.Deploy.0 = Debug|x86
		{A1A70D72-1E7A-42AA-AA62-F61B752BFF96}.Release|Any CPU.ActiveCfg = Release|Any CPU
		{A1A70D72-1E7A-42AA-AA62-F61B752BFF96}.Release|Any CPU.Build.0 = Release|Any CPU
		{A1A70D72-1E7A-42AA-AA62-F61B752BFF96}.Release|Any CPU.Deploy.0 = Release|Any CPU
		{A1A70D72-1E7A-42AA-AA62-F61B752BFF96}.Release|ARM.ActiveCfg = Release|Any CPU
		{A1A70D72-1E7A-42AA-AA62-F61B752BFF96}.Release|ARM.Build.0 = Release|Any CPU
		{A1A70D72-1E7A-42AA-AA62-F61B752BFF96}.Release|ARM.Deploy.0 = Release|Any CPU
		{A1A70D72-1E7A-42AA-AA62-F61B752BFF96}.Release|ARM64.ActiveCfg = Release|Any CPU
		{A1A70D72-1E7A-42AA-AA62-F61B752BFF96}.Release|ARM64.Build.0 = Release|Any CPU
		{A1A70D72-1E7A-42AA-AA62-F61B752BFF96}.Release|ARM64.Deploy.0 = Release|Any CPU
		{A1A70D72-1E7A-42AA-AA62-F61B752BFF96}.Release|x64.ActiveCfg = Release|x64
		{A1A70D72-1E7A-42AA-AA62-F61B752BFF96}.Release|x64.Build.0 = Release|x64
		{A1A70D72-1E7A-42AA-AA62-F61B752BFF96}.Release|x64.Deploy.0 = Release|x64
		{A1A70D72-1E7A-42AA-AA62-F61B752BFF96}.Release|x86.ActiveCfg = Release|x86
		{A1A70D72-1E7A-42AA-AA62-F61B752BFF96}.Release|x86.Build.0 = Release|x86
		{A1A70D72-1E7A-42AA-AA62-F61B752BFF96}.Release|x86.Deploy.0 = Release|x86
		{A1A70D72-1E7A-42AA-AA62-F61B752BFF96}.SingleImage|Any CPU.ActiveCfg = Debug|Any CPU
		{A1A70D72-1E7A-42AA-AA62-F61B752BFF96}.SingleImage|Any CPU.Build.0 = Debug|Any CPU
		{A1A70D72-1E7A-42AA-AA62-F61B752BFF96}.SingleImage|Any CPU.Deploy.0 = Debug|Any CPU
		{A1A70D72-1E7A-42AA-AA62-F61B752BFF96}.SingleImage|ARM.ActiveCfg = Debug|Any CPU
		{A1A70D72-1E7A-42AA-AA62-F61B752BFF96}.SingleImage|ARM.Build.0 = Debug|Any CPU
		{A1A70D72-1E7A-42AA-AA62-F61B752BFF96}.SingleImage|ARM.Deploy.0 = Debug|Any CPU
		{A1A70D72-1E7A-42AA-AA62-F61B752BFF96}.SingleImage|ARM64.ActiveCfg = Release|Any CPU
		{A1A70D72-1E7A-42AA-AA62-F61B752BFF96}.SingleImage|ARM64.Build.0 = Release|Any CPU
		{A1A70D72-1E7A-42AA-AA62-F61B752BFF96}.SingleImage|ARM64.Deploy.0 = Release|Any CPU
		{A1A70D72-1E7A-42AA-AA62-F61B752BFF96}.SingleImage|x64.ActiveCfg = Release|x64
		{A1A70D72-1E7A-42AA-AA62-F61B752BFF96}.SingleImage|x64.Build.0 = Release|x64
		{A1A70D72-1E7A-42AA-AA62-F61B752BFF96}.SingleImage|x64.Deploy.0 = Release|x64
		{A1A70D72-1E7A-42AA-AA62-F61B752BFF96}.SingleImage|x86.ActiveCfg = Release|x86
		{A1A70D72-1E7A-42AA-AA62-F61B752BFF96}.SingleImage|x86.Build.0 = Release|x86
		{A1A70D72-1E7A-42AA-AA62-F61B752BFF96}.SingleImage|x86.Deploy.0 = Release|x86
		{CDC7EECD-1D9A-4404-B721-F1C92F1EE688}.CD_ROM|Any CPU.ActiveCfg = Release|Any CPU
		{CDC7EECD-1D9A-4404-B721-F1C92F1EE688}.CD_ROM|Any CPU.Build.0 = Release|Any CPU
		{CDC7EECD-1D9A-4404-B721-F1C92F1EE688}.CD_ROM|ARM.ActiveCfg = Release|Any CPU
		{CDC7EECD-1D9A-4404-B721-F1C92F1EE688}.CD_ROM|ARM.Build.0 = Release|Any CPU
		{CDC7EECD-1D9A-4404-B721-F1C92F1EE688}.CD_ROM|ARM64.ActiveCfg = Debug|Any CPU
		{CDC7EECD-1D9A-4404-B721-F1C92F1EE688}.CD_ROM|ARM64.Build.0 = Debug|Any CPU
		{CDC7EECD-1D9A-4404-B721-F1C92F1EE688}.CD_ROM|x64.ActiveCfg = Release|Any CPU
		{CDC7EECD-1D9A-4404-B721-F1C92F1EE688}.CD_ROM|x64.Build.0 = Release|Any CPU
		{CDC7EECD-1D9A-4404-B721-F1C92F1EE688}.CD_ROM|x86.ActiveCfg = Release|Any CPU
		{CDC7EECD-1D9A-4404-B721-F1C92F1EE688}.CD_ROM|x86.Build.0 = Release|Any CPU
		{CDC7EECD-1D9A-4404-B721-F1C92F1EE688}.Debug|Any CPU.ActiveCfg = Debug|Any CPU
		{CDC7EECD-1D9A-4404-B721-F1C92F1EE688}.Debug|Any CPU.Build.0 = Debug|Any CPU
		{CDC7EECD-1D9A-4404-B721-F1C92F1EE688}.Debug|ARM.ActiveCfg = Debug|Any CPU
		{CDC7EECD-1D9A-4404-B721-F1C92F1EE688}.Debug|ARM.Build.0 = Debug|Any CPU
		{CDC7EECD-1D9A-4404-B721-F1C92F1EE688}.Debug|ARM64.ActiveCfg = Debug|Any CPU
		{CDC7EECD-1D9A-4404-B721-F1C92F1EE688}.Debug|ARM64.Build.0 = Debug|Any CPU
		{CDC7EECD-1D9A-4404-B721-F1C92F1EE688}.Debug|x64.ActiveCfg = Debug|Any CPU
		{CDC7EECD-1D9A-4404-B721-F1C92F1EE688}.Debug|x64.Build.0 = Debug|Any CPU
		{CDC7EECD-1D9A-4404-B721-F1C92F1EE688}.Debug|x86.ActiveCfg = Debug|Any CPU
		{CDC7EECD-1D9A-4404-B721-F1C92F1EE688}.Debug|x86.Build.0 = Debug|Any CPU
		{CDC7EECD-1D9A-4404-B721-F1C92F1EE688}.DVD-5|Any CPU.ActiveCfg = Debug|Any CPU
		{CDC7EECD-1D9A-4404-B721-F1C92F1EE688}.DVD-5|Any CPU.Build.0 = Debug|Any CPU
		{CDC7EECD-1D9A-4404-B721-F1C92F1EE688}.DVD-5|ARM.ActiveCfg = Debug|Any CPU
		{CDC7EECD-1D9A-4404-B721-F1C92F1EE688}.DVD-5|ARM.Build.0 = Debug|Any CPU
		{CDC7EECD-1D9A-4404-B721-F1C92F1EE688}.DVD-5|ARM64.ActiveCfg = Debug|Any CPU
		{CDC7EECD-1D9A-4404-B721-F1C92F1EE688}.DVD-5|ARM64.Build.0 = Debug|Any CPU
		{CDC7EECD-1D9A-4404-B721-F1C92F1EE688}.DVD-5|x64.ActiveCfg = Debug|Any CPU
		{CDC7EECD-1D9A-4404-B721-F1C92F1EE688}.DVD-5|x64.Build.0 = Debug|Any CPU
		{CDC7EECD-1D9A-4404-B721-F1C92F1EE688}.DVD-5|x86.ActiveCfg = Debug|Any CPU
		{CDC7EECD-1D9A-4404-B721-F1C92F1EE688}.DVD-5|x86.Build.0 = Debug|Any CPU
		{CDC7EECD-1D9A-4404-B721-F1C92F1EE688}.Release|Any CPU.ActiveCfg = Release|Any CPU
		{CDC7EECD-1D9A-4404-B721-F1C92F1EE688}.Release|Any CPU.Build.0 = Release|Any CPU
		{CDC7EECD-1D9A-4404-B721-F1C92F1EE688}.Release|ARM.ActiveCfg = Release|Any CPU
		{CDC7EECD-1D9A-4404-B721-F1C92F1EE688}.Release|ARM.Build.0 = Release|Any CPU
		{CDC7EECD-1D9A-4404-B721-F1C92F1EE688}.Release|ARM64.ActiveCfg = Release|Any CPU
		{CDC7EECD-1D9A-4404-B721-F1C92F1EE688}.Release|ARM64.Build.0 = Release|Any CPU
		{CDC7EECD-1D9A-4404-B721-F1C92F1EE688}.Release|x64.ActiveCfg = Release|Any CPU
		{CDC7EECD-1D9A-4404-B721-F1C92F1EE688}.Release|x64.Build.0 = Release|Any CPU
		{CDC7EECD-1D9A-4404-B721-F1C92F1EE688}.Release|x86.ActiveCfg = Release|Any CPU
		{CDC7EECD-1D9A-4404-B721-F1C92F1EE688}.Release|x86.Build.0 = Release|Any CPU
		{CDC7EECD-1D9A-4404-B721-F1C92F1EE688}.SingleImage|Any CPU.ActiveCfg = Release|Any CPU
		{CDC7EECD-1D9A-4404-B721-F1C92F1EE688}.SingleImage|Any CPU.Build.0 = Release|Any CPU
		{CDC7EECD-1D9A-4404-B721-F1C92F1EE688}.SingleImage|ARM.ActiveCfg = Release|Any CPU
		{CDC7EECD-1D9A-4404-B721-F1C92F1EE688}.SingleImage|ARM.Build.0 = Release|Any CPU
		{CDC7EECD-1D9A-4404-B721-F1C92F1EE688}.SingleImage|ARM64.ActiveCfg = Debug|Any CPU
		{CDC7EECD-1D9A-4404-B721-F1C92F1EE688}.SingleImage|ARM64.Build.0 = Debug|Any CPU
		{CDC7EECD-1D9A-4404-B721-F1C92F1EE688}.SingleImage|x64.ActiveCfg = Release|Any CPU
		{CDC7EECD-1D9A-4404-B721-F1C92F1EE688}.SingleImage|x64.Build.0 = Release|Any CPU
		{CDC7EECD-1D9A-4404-B721-F1C92F1EE688}.SingleImage|x86.ActiveCfg = Release|Any CPU
		{CDC7EECD-1D9A-4404-B721-F1C92F1EE688}.SingleImage|x86.Build.0 = Release|Any CPU
		{33BEED01-14F9-4115-B74A-A07F9389CC57}.CD_ROM|Any CPU.ActiveCfg = Debug|Any CPU
		{33BEED01-14F9-4115-B74A-A07F9389CC57}.CD_ROM|Any CPU.Build.0 = Debug|Any CPU
		{33BEED01-14F9-4115-B74A-A07F9389CC57}.CD_ROM|Any CPU.Deploy.0 = Debug|Any CPU
		{33BEED01-14F9-4115-B74A-A07F9389CC57}.CD_ROM|ARM.ActiveCfg = Debug|Any CPU
		{33BEED01-14F9-4115-B74A-A07F9389CC57}.CD_ROM|ARM.Build.0 = Debug|Any CPU
		{33BEED01-14F9-4115-B74A-A07F9389CC57}.CD_ROM|ARM.Deploy.0 = Debug|Any CPU
		{33BEED01-14F9-4115-B74A-A07F9389CC57}.CD_ROM|ARM64.ActiveCfg = Release|Any CPU
		{33BEED01-14F9-4115-B74A-A07F9389CC57}.CD_ROM|ARM64.Build.0 = Release|Any CPU
		{33BEED01-14F9-4115-B74A-A07F9389CC57}.CD_ROM|ARM64.Deploy.0 = Release|Any CPU
		{33BEED01-14F9-4115-B74A-A07F9389CC57}.CD_ROM|x64.ActiveCfg = Release|x64
		{33BEED01-14F9-4115-B74A-A07F9389CC57}.CD_ROM|x64.Build.0 = Release|x64
		{33BEED01-14F9-4115-B74A-A07F9389CC57}.CD_ROM|x64.Deploy.0 = Release|x64
		{33BEED01-14F9-4115-B74A-A07F9389CC57}.CD_ROM|x86.ActiveCfg = Release|x86
		{33BEED01-14F9-4115-B74A-A07F9389CC57}.CD_ROM|x86.Build.0 = Release|x86
		{33BEED01-14F9-4115-B74A-A07F9389CC57}.CD_ROM|x86.Deploy.0 = Release|x86
		{33BEED01-14F9-4115-B74A-A07F9389CC57}.Debug|Any CPU.ActiveCfg = Debug|Any CPU
		{33BEED01-14F9-4115-B74A-A07F9389CC57}.Debug|Any CPU.Build.0 = Debug|Any CPU
		{33BEED01-14F9-4115-B74A-A07F9389CC57}.Debug|Any CPU.Deploy.0 = Debug|Any CPU
		{33BEED01-14F9-4115-B74A-A07F9389CC57}.Debug|ARM.ActiveCfg = Debug|Any CPU
		{33BEED01-14F9-4115-B74A-A07F9389CC57}.Debug|ARM.Build.0 = Debug|Any CPU
		{33BEED01-14F9-4115-B74A-A07F9389CC57}.Debug|ARM.Deploy.0 = Debug|Any CPU
		{33BEED01-14F9-4115-B74A-A07F9389CC57}.Debug|ARM64.ActiveCfg = Debug|Any CPU
		{33BEED01-14F9-4115-B74A-A07F9389CC57}.Debug|ARM64.Build.0 = Debug|Any CPU
		{33BEED01-14F9-4115-B74A-A07F9389CC57}.Debug|ARM64.Deploy.0 = Debug|Any CPU
		{33BEED01-14F9-4115-B74A-A07F9389CC57}.Debug|x64.ActiveCfg = Debug|x64
		{33BEED01-14F9-4115-B74A-A07F9389CC57}.Debug|x64.Build.0 = Debug|x64
		{33BEED01-14F9-4115-B74A-A07F9389CC57}.Debug|x64.Deploy.0 = Debug|x64
		{33BEED01-14F9-4115-B74A-A07F9389CC57}.Debug|x86.ActiveCfg = Debug|x86
		{33BEED01-14F9-4115-B74A-A07F9389CC57}.Debug|x86.Build.0 = Debug|x86
		{33BEED01-14F9-4115-B74A-A07F9389CC57}.Debug|x86.Deploy.0 = Debug|x86
		{33BEED01-14F9-4115-B74A-A07F9389CC57}.DVD-5|Any CPU.ActiveCfg = Debug|Any CPU
		{33BEED01-14F9-4115-B74A-A07F9389CC57}.DVD-5|Any CPU.Build.0 = Debug|Any CPU
		{33BEED01-14F9-4115-B74A-A07F9389CC57}.DVD-5|Any CPU.Deploy.0 = Debug|Any CPU
		{33BEED01-14F9-4115-B74A-A07F9389CC57}.DVD-5|ARM.ActiveCfg = Debug|Any CPU
		{33BEED01-14F9-4115-B74A-A07F9389CC57}.DVD-5|ARM.Build.0 = Debug|Any CPU
		{33BEED01-14F9-4115-B74A-A07F9389CC57}.DVD-5|ARM.Deploy.0 = Debug|Any CPU
		{33BEED01-14F9-4115-B74A-A07F9389CC57}.DVD-5|ARM64.ActiveCfg = Debug|Any CPU
		{33BEED01-14F9-4115-B74A-A07F9389CC57}.DVD-5|ARM64.Build.0 = Debug|Any CPU
		{33BEED01-14F9-4115-B74A-A07F9389CC57}.DVD-5|ARM64.Deploy.0 = Debug|Any CPU
		{33BEED01-14F9-4115-B74A-A07F9389CC57}.DVD-5|x64.ActiveCfg = Debug|x64
		{33BEED01-14F9-4115-B74A-A07F9389CC57}.DVD-5|x64.Build.0 = Debug|x64
		{33BEED01-14F9-4115-B74A-A07F9389CC57}.DVD-5|x64.Deploy.0 = Debug|x64
		{33BEED01-14F9-4115-B74A-A07F9389CC57}.DVD-5|x86.ActiveCfg = Debug|x86
		{33BEED01-14F9-4115-B74A-A07F9389CC57}.DVD-5|x86.Build.0 = Debug|x86
		{33BEED01-14F9-4115-B74A-A07F9389CC57}.DVD-5|x86.Deploy.0 = Debug|x86
		{33BEED01-14F9-4115-B74A-A07F9389CC57}.Release|Any CPU.ActiveCfg = Release|Any CPU
		{33BEED01-14F9-4115-B74A-A07F9389CC57}.Release|Any CPU.Build.0 = Release|Any CPU
		{33BEED01-14F9-4115-B74A-A07F9389CC57}.Release|Any CPU.Deploy.0 = Release|Any CPU
		{33BEED01-14F9-4115-B74A-A07F9389CC57}.Release|ARM.ActiveCfg = Release|Any CPU
		{33BEED01-14F9-4115-B74A-A07F9389CC57}.Release|ARM.Build.0 = Release|Any CPU
		{33BEED01-14F9-4115-B74A-A07F9389CC57}.Release|ARM.Deploy.0 = Release|Any CPU
		{33BEED01-14F9-4115-B74A-A07F9389CC57}.Release|ARM64.ActiveCfg = Release|Any CPU
		{33BEED01-14F9-4115-B74A-A07F9389CC57}.Release|ARM64.Build.0 = Release|Any CPU
		{33BEED01-14F9-4115-B74A-A07F9389CC57}.Release|ARM64.Deploy.0 = Release|Any CPU
		{33BEED01-14F9-4115-B74A-A07F9389CC57}.Release|x64.ActiveCfg = Release|x64
		{33BEED01-14F9-4115-B74A-A07F9389CC57}.Release|x64.Build.0 = Release|x64
		{33BEED01-14F9-4115-B74A-A07F9389CC57}.Release|x64.Deploy.0 = Release|x64
		{33BEED01-14F9-4115-B74A-A07F9389CC57}.Release|x86.ActiveCfg = Release|x86
		{33BEED01-14F9-4115-B74A-A07F9389CC57}.Release|x86.Build.0 = Release|x86
		{33BEED01-14F9-4115-B74A-A07F9389CC57}.Release|x86.Deploy.0 = Release|x86
		{33BEED01-14F9-4115-B74A-A07F9389CC57}.SingleImage|Any CPU.ActiveCfg = Debug|Any CPU
		{33BEED01-14F9-4115-B74A-A07F9389CC57}.SingleImage|Any CPU.Build.0 = Debug|Any CPU
		{33BEED01-14F9-4115-B74A-A07F9389CC57}.SingleImage|Any CPU.Deploy.0 = Debug|Any CPU
		{33BEED01-14F9-4115-B74A-A07F9389CC57}.SingleImage|ARM.ActiveCfg = Debug|Any CPU
		{33BEED01-14F9-4115-B74A-A07F9389CC57}.SingleImage|ARM.Build.0 = Debug|Any CPU
		{33BEED01-14F9-4115-B74A-A07F9389CC57}.SingleImage|ARM.Deploy.0 = Debug|Any CPU
		{33BEED01-14F9-4115-B74A-A07F9389CC57}.SingleImage|ARM64.ActiveCfg = Release|Any CPU
		{33BEED01-14F9-4115-B74A-A07F9389CC57}.SingleImage|ARM64.Build.0 = Release|Any CPU
		{33BEED01-14F9-4115-B74A-A07F9389CC57}.SingleImage|ARM64.Deploy.0 = Release|Any CPU
		{33BEED01-14F9-4115-B74A-A07F9389CC57}.SingleImage|x64.ActiveCfg = Release|x64
		{33BEED01-14F9-4115-B74A-A07F9389CC57}.SingleImage|x64.Build.0 = Release|x64
		{33BEED01-14F9-4115-B74A-A07F9389CC57}.SingleImage|x64.Deploy.0 = Release|x64
		{33BEED01-14F9-4115-B74A-A07F9389CC57}.SingleImage|x86.ActiveCfg = Release|x86
		{33BEED01-14F9-4115-B74A-A07F9389CC57}.SingleImage|x86.Build.0 = Release|x86
		{33BEED01-14F9-4115-B74A-A07F9389CC57}.SingleImage|x86.Deploy.0 = Release|x86
		{48FA2B2B-5548-4F2E-812D-540B982FEF04}.CD_ROM|Any CPU.ActiveCfg = Release|x64
		{48FA2B2B-5548-4F2E-812D-540B982FEF04}.CD_ROM|Any CPU.Build.0 = Release|x64
		{48FA2B2B-5548-4F2E-812D-540B982FEF04}.CD_ROM|ARM.ActiveCfg = Release|x64
		{48FA2B2B-5548-4F2E-812D-540B982FEF04}.CD_ROM|ARM.Build.0 = Release|x64
		{48FA2B2B-5548-4F2E-812D-540B982FEF04}.CD_ROM|ARM64.ActiveCfg = Debug|x64
		{48FA2B2B-5548-4F2E-812D-540B982FEF04}.CD_ROM|ARM64.Build.0 = Debug|x64
		{48FA2B2B-5548-4F2E-812D-540B982FEF04}.CD_ROM|x64.ActiveCfg = Release|x64
		{48FA2B2B-5548-4F2E-812D-540B982FEF04}.CD_ROM|x64.Build.0 = Release|x64
		{48FA2B2B-5548-4F2E-812D-540B982FEF04}.CD_ROM|x86.ActiveCfg = Release|Win32
		{48FA2B2B-5548-4F2E-812D-540B982FEF04}.CD_ROM|x86.Build.0 = Release|Win32
		{48FA2B2B-5548-4F2E-812D-540B982FEF04}.Debug|Any CPU.ActiveCfg = Debug|Win32
		{48FA2B2B-5548-4F2E-812D-540B982FEF04}.Debug|ARM.ActiveCfg = Debug|Win32
		{48FA2B2B-5548-4F2E-812D-540B982FEF04}.Debug|ARM64.ActiveCfg = Debug|Win32
		{48FA2B2B-5548-4F2E-812D-540B982FEF04}.Debug|x64.ActiveCfg = Debug|x64
		{48FA2B2B-5548-4F2E-812D-540B982FEF04}.Debug|x64.Build.0 = Debug|x64
		{48FA2B2B-5548-4F2E-812D-540B982FEF04}.Debug|x86.ActiveCfg = Debug|Win32
		{48FA2B2B-5548-4F2E-812D-540B982FEF04}.Debug|x86.Build.0 = Debug|Win32
		{48FA2B2B-5548-4F2E-812D-540B982FEF04}.DVD-5|Any CPU.ActiveCfg = Release|x64
		{48FA2B2B-5548-4F2E-812D-540B982FEF04}.DVD-5|Any CPU.Build.0 = Release|x64
		{48FA2B2B-5548-4F2E-812D-540B982FEF04}.DVD-5|ARM.ActiveCfg = Release|x64
		{48FA2B2B-5548-4F2E-812D-540B982FEF04}.DVD-5|ARM.Build.0 = Release|x64
		{48FA2B2B-5548-4F2E-812D-540B982FEF04}.DVD-5|ARM64.ActiveCfg = Debug|x64
		{48FA2B2B-5548-4F2E-812D-540B982FEF04}.DVD-5|ARM64.Build.0 = Debug|x64
		{48FA2B2B-5548-4F2E-812D-540B982FEF04}.DVD-5|x64.ActiveCfg = Debug|x64
		{48FA2B2B-5548-4F2E-812D-540B982FEF04}.DVD-5|x64.Build.0 = Debug|x64
		{48FA2B2B-5548-4F2E-812D-540B982FEF04}.DVD-5|x86.ActiveCfg = Debug|Win32
		{48FA2B2B-5548-4F2E-812D-540B982FEF04}.DVD-5|x86.Build.0 = Debug|Win32
		{48FA2B2B-5548-4F2E-812D-540B982FEF04}.Release|Any CPU.ActiveCfg = Release|Win32
		{48FA2B2B-5548-4F2E-812D-540B982FEF04}.Release|ARM.ActiveCfg = Release|Win32
		{48FA2B2B-5548-4F2E-812D-540B982FEF04}.Release|ARM64.ActiveCfg = Release|Win32
		{48FA2B2B-5548-4F2E-812D-540B982FEF04}.Release|x64.ActiveCfg = Release|x64
		{48FA2B2B-5548-4F2E-812D-540B982FEF04}.Release|x64.Build.0 = Release|x64
		{48FA2B2B-5548-4F2E-812D-540B982FEF04}.Release|x86.ActiveCfg = Release|Win32
		{48FA2B2B-5548-4F2E-812D-540B982FEF04}.Release|x86.Build.0 = Release|Win32
		{48FA2B2B-5548-4F2E-812D-540B982FEF04}.SingleImage|Any CPU.ActiveCfg = Release|x64
		{48FA2B2B-5548-4F2E-812D-540B982FEF04}.SingleImage|Any CPU.Build.0 = Release|x64
		{48FA2B2B-5548-4F2E-812D-540B982FEF04}.SingleImage|ARM.ActiveCfg = Release|x64
		{48FA2B2B-5548-4F2E-812D-540B982FEF04}.SingleImage|ARM.Build.0 = Release|x64
		{48FA2B2B-5548-4F2E-812D-540B982FEF04}.SingleImage|ARM64.ActiveCfg = Debug|x64
		{48FA2B2B-5548-4F2E-812D-540B982FEF04}.SingleImage|ARM64.Build.0 = Debug|x64
		{48FA2B2B-5548-4F2E-812D-540B982FEF04}.SingleImage|x64.ActiveCfg = Release|x64
		{48FA2B2B-5548-4F2E-812D-540B982FEF04}.SingleImage|x64.Build.0 = Release|x64
		{48FA2B2B-5548-4F2E-812D-540B982FEF04}.SingleImage|x86.ActiveCfg = Release|Win32
		{48FA2B2B-5548-4F2E-812D-540B982FEF04}.SingleImage|x86.Build.0 = Release|Win32
		{E6112B01-F930-4DE3-85A8-EFCE63967673}.CD_ROM|Any CPU.ActiveCfg = Release|x64
		{E6112B01-F930-4DE3-85A8-EFCE63967673}.CD_ROM|Any CPU.Build.0 = Release|x64
		{E6112B01-F930-4DE3-85A8-EFCE63967673}.CD_ROM|ARM.ActiveCfg = Release|x64
		{E6112B01-F930-4DE3-85A8-EFCE63967673}.CD_ROM|ARM.Build.0 = Release|x64
		{E6112B01-F930-4DE3-85A8-EFCE63967673}.CD_ROM|ARM64.ActiveCfg = Debug|x64
		{E6112B01-F930-4DE3-85A8-EFCE63967673}.CD_ROM|ARM64.Build.0 = Debug|x64
		{E6112B01-F930-4DE3-85A8-EFCE63967673}.CD_ROM|x64.ActiveCfg = Release|x64
		{E6112B01-F930-4DE3-85A8-EFCE63967673}.CD_ROM|x64.Build.0 = Release|x64
		{E6112B01-F930-4DE3-85A8-EFCE63967673}.CD_ROM|x86.ActiveCfg = Release|Win32
		{E6112B01-F930-4DE3-85A8-EFCE63967673}.CD_ROM|x86.Build.0 = Release|Win32
		{E6112B01-F930-4DE3-85A8-EFCE63967673}.Debug|Any CPU.ActiveCfg = Debug|Win32
		{E6112B01-F930-4DE3-85A8-EFCE63967673}.Debug|ARM.ActiveCfg = Debug|Win32
		{E6112B01-F930-4DE3-85A8-EFCE63967673}.Debug|ARM64.ActiveCfg = Debug|Win32
		{E6112B01-F930-4DE3-85A8-EFCE63967673}.Debug|x64.ActiveCfg = Debug|x64
		{E6112B01-F930-4DE3-85A8-EFCE63967673}.Debug|x64.Build.0 = Debug|x64
		{E6112B01-F930-4DE3-85A8-EFCE63967673}.Debug|x86.ActiveCfg = Debug|Win32
		{E6112B01-F930-4DE3-85A8-EFCE63967673}.Debug|x86.Build.0 = Debug|Win32
		{E6112B01-F930-4DE3-85A8-EFCE63967673}.DVD-5|Any CPU.ActiveCfg = Release|x64
		{E6112B01-F930-4DE3-85A8-EFCE63967673}.DVD-5|Any CPU.Build.0 = Release|x64
		{E6112B01-F930-4DE3-85A8-EFCE63967673}.DVD-5|ARM.ActiveCfg = Release|x64
		{E6112B01-F930-4DE3-85A8-EFCE63967673}.DVD-5|ARM.Build.0 = Release|x64
		{E6112B01-F930-4DE3-85A8-EFCE63967673}.DVD-5|ARM64.ActiveCfg = Debug|x64
		{E6112B01-F930-4DE3-85A8-EFCE63967673}.DVD-5|ARM64.Build.0 = Debug|x64
		{E6112B01-F930-4DE3-85A8-EFCE63967673}.DVD-5|x64.ActiveCfg = Debug|x64
		{E6112B01-F930-4DE3-85A8-EFCE63967673}.DVD-5|x64.Build.0 = Debug|x64
		{E6112B01-F930-4DE3-85A8-EFCE63967673}.DVD-5|x86.ActiveCfg = Debug|Win32
		{E6112B01-F930-4DE3-85A8-EFCE63967673}.DVD-5|x86.Build.0 = Debug|Win32
		{E6112B01-F930-4DE3-85A8-EFCE63967673}.Release|Any CPU.ActiveCfg = Release|Win32
		{E6112B01-F930-4DE3-85A8-EFCE63967673}.Release|ARM.ActiveCfg = Release|Win32
		{E6112B01-F930-4DE3-85A8-EFCE63967673}.Release|ARM64.ActiveCfg = Release|Win32
		{E6112B01-F930-4DE3-85A8-EFCE63967673}.Release|x64.ActiveCfg = Release|x64
		{E6112B01-F930-4DE3-85A8-EFCE63967673}.Release|x64.Build.0 = Release|x64
		{E6112B01-F930-4DE3-85A8-EFCE63967673}.Release|x86.ActiveCfg = Release|Win32
		{E6112B01-F930-4DE3-85A8-EFCE63967673}.Release|x86.Build.0 = Release|Win32
		{E6112B01-F930-4DE3-85A8-EFCE63967673}.SingleImage|Any CPU.ActiveCfg = Release|x64
		{E6112B01-F930-4DE3-85A8-EFCE63967673}.SingleImage|Any CPU.Build.0 = Release|x64
		{E6112B01-F930-4DE3-85A8-EFCE63967673}.SingleImage|ARM.ActiveCfg = Release|x64
		{E6112B01-F930-4DE3-85A8-EFCE63967673}.SingleImage|ARM.Build.0 = Release|x64
		{E6112B01-F930-4DE3-85A8-EFCE63967673}.SingleImage|ARM64.ActiveCfg = Debug|x64
		{E6112B01-F930-4DE3-85A8-EFCE63967673}.SingleImage|ARM64.Build.0 = Debug|x64
		{E6112B01-F930-4DE3-85A8-EFCE63967673}.SingleImage|x64.ActiveCfg = Release|x64
		{E6112B01-F930-4DE3-85A8-EFCE63967673}.SingleImage|x64.Build.0 = Release|x64
		{E6112B01-F930-4DE3-85A8-EFCE63967673}.SingleImage|x86.ActiveCfg = Release|Win32
		{E6112B01-F930-4DE3-85A8-EFCE63967673}.SingleImage|x86.Build.0 = Release|Win32
		{8A06E4FF-3FE4-4871-8420-D5D0100B48AE}.CD_ROM|Any CPU.ActiveCfg = Release|x64
		{8A06E4FF-3FE4-4871-8420-D5D0100B48AE}.CD_ROM|Any CPU.Build.0 = Release|x64
		{8A06E4FF-3FE4-4871-8420-D5D0100B48AE}.CD_ROM|ARM.ActiveCfg = Release|ARM
		{8A06E4FF-3FE4-4871-8420-D5D0100B48AE}.CD_ROM|ARM.Build.0 = Release|ARM
		{8A06E4FF-3FE4-4871-8420-D5D0100B48AE}.CD_ROM|ARM64.ActiveCfg = Debug|x64
		{8A06E4FF-3FE4-4871-8420-D5D0100B48AE}.CD_ROM|ARM64.Build.0 = Debug|x64
		{8A06E4FF-3FE4-4871-8420-D5D0100B48AE}.CD_ROM|x64.ActiveCfg = Release|x64
		{8A06E4FF-3FE4-4871-8420-D5D0100B48AE}.CD_ROM|x64.Build.0 = Release|x64
		{8A06E4FF-3FE4-4871-8420-D5D0100B48AE}.CD_ROM|x86.ActiveCfg = Release|Win32
		{8A06E4FF-3FE4-4871-8420-D5D0100B48AE}.CD_ROM|x86.Build.0 = Release|Win32
		{8A06E4FF-3FE4-4871-8420-D5D0100B48AE}.Debug|Any CPU.ActiveCfg = Debug|Win32
		{8A06E4FF-3FE4-4871-8420-D5D0100B48AE}.Debug|ARM.ActiveCfg = Debug|ARM
		{8A06E4FF-3FE4-4871-8420-D5D0100B48AE}.Debug|ARM.Build.0 = Debug|ARM
		{8A06E4FF-3FE4-4871-8420-D5D0100B48AE}.Debug|ARM64.ActiveCfg = Debug|Win32
		{8A06E4FF-3FE4-4871-8420-D5D0100B48AE}.Debug|x64.ActiveCfg = Debug|x64
		{8A06E4FF-3FE4-4871-8420-D5D0100B48AE}.Debug|x64.Build.0 = Debug|x64
		{8A06E4FF-3FE4-4871-8420-D5D0100B48AE}.Debug|x86.ActiveCfg = Debug|Win32
		{8A06E4FF-3FE4-4871-8420-D5D0100B48AE}.Debug|x86.Build.0 = Debug|Win32
		{8A06E4FF-3FE4-4871-8420-D5D0100B48AE}.DVD-5|Any CPU.ActiveCfg = Release|x64
		{8A06E4FF-3FE4-4871-8420-D5D0100B48AE}.DVD-5|Any CPU.Build.0 = Release|x64
		{8A06E4FF-3FE4-4871-8420-D5D0100B48AE}.DVD-5|ARM.ActiveCfg = Debug|ARM
		{8A06E4FF-3FE4-4871-8420-D5D0100B48AE}.DVD-5|ARM.Build.0 = Debug|ARM
		{8A06E4FF-3FE4-4871-8420-D5D0100B48AE}.DVD-5|ARM64.ActiveCfg = Debug|x64
		{8A06E4FF-3FE4-4871-8420-D5D0100B48AE}.DVD-5|ARM64.Build.0 = Debug|x64
		{8A06E4FF-3FE4-4871-8420-D5D0100B48AE}.DVD-5|x64.ActiveCfg = Debug|x64
		{8A06E4FF-3FE4-4871-8420-D5D0100B48AE}.DVD-5|x64.Build.0 = Debug|x64
		{8A06E4FF-3FE4-4871-8420-D5D0100B48AE}.DVD-5|x86.ActiveCfg = Debug|Win32
		{8A06E4FF-3FE4-4871-8420-D5D0100B48AE}.DVD-5|x86.Build.0 = Debug|Win32
		{8A06E4FF-3FE4-4871-8420-D5D0100B48AE}.Release|Any CPU.ActiveCfg = Release|Win32
		{8A06E4FF-3FE4-4871-8420-D5D0100B48AE}.Release|ARM.ActiveCfg = Release|ARM
		{8A06E4FF-3FE4-4871-8420-D5D0100B48AE}.Release|ARM.Build.0 = Release|ARM
		{8A06E4FF-3FE4-4871-8420-D5D0100B48AE}.Release|ARM64.ActiveCfg = Release|Win32
		{8A06E4FF-3FE4-4871-8420-D5D0100B48AE}.Release|x64.ActiveCfg = Release|x64
		{8A06E4FF-3FE4-4871-8420-D5D0100B48AE}.Release|x64.Build.0 = Release|x64
		{8A06E4FF-3FE4-4871-8420-D5D0100B48AE}.Release|x86.ActiveCfg = Release|Win32
		{8A06E4FF-3FE4-4871-8420-D5D0100B48AE}.Release|x86.Build.0 = Release|Win32
		{8A06E4FF-3FE4-4871-8420-D5D0100B48AE}.SingleImage|Any CPU.ActiveCfg = Release|x64
		{8A06E4FF-3FE4-4871-8420-D5D0100B48AE}.SingleImage|Any CPU.Build.0 = Release|x64
		{8A06E4FF-3FE4-4871-8420-D5D0100B48AE}.SingleImage|ARM.ActiveCfg = Release|ARM
		{8A06E4FF-3FE4-4871-8420-D5D0100B48AE}.SingleImage|ARM.Build.0 = Release|ARM
		{8A06E4FF-3FE4-4871-8420-D5D0100B48AE}.SingleImage|ARM64.ActiveCfg = Debug|x64
		{8A06E4FF-3FE4-4871-8420-D5D0100B48AE}.SingleImage|ARM64.Build.0 = Debug|x64
		{8A06E4FF-3FE4-4871-8420-D5D0100B48AE}.SingleImage|x64.ActiveCfg = Release|x64
		{8A06E4FF-3FE4-4871-8420-D5D0100B48AE}.SingleImage|x64.Build.0 = Release|x64
		{8A06E4FF-3FE4-4871-8420-D5D0100B48AE}.SingleImage|x86.ActiveCfg = Release|Win32
		{8A06E4FF-3FE4-4871-8420-D5D0100B48AE}.SingleImage|x86.Build.0 = Release|Win32
		{5BEE7A10-0A6E-55AF-BF40-092D42A87977}.CD_ROM|Any CPU.ActiveCfg = Release|x64
		{5BEE7A10-0A6E-55AF-BF40-092D42A87977}.CD_ROM|Any CPU.Build.0 = Release|x64
		{5BEE7A10-0A6E-55AF-BF40-092D42A87977}.CD_ROM|ARM.ActiveCfg = Release|ARM
		{5BEE7A10-0A6E-55AF-BF40-092D42A87977}.CD_ROM|ARM.Build.0 = Release|ARM
		{5BEE7A10-0A6E-55AF-BF40-092D42A87977}.CD_ROM|ARM64.ActiveCfg = Debug|x64
		{5BEE7A10-0A6E-55AF-BF40-092D42A87977}.CD_ROM|ARM64.Build.0 = Debug|x64
		{5BEE7A10-0A6E-55AF-BF40-092D42A87977}.CD_ROM|x64.ActiveCfg = Release|x64
		{5BEE7A10-0A6E-55AF-BF40-092D42A87977}.CD_ROM|x64.Build.0 = Release|x64
		{5BEE7A10-0A6E-55AF-BF40-092D42A87977}.CD_ROM|x86.ActiveCfg = Release|Win32
		{5BEE7A10-0A6E-55AF-BF40-092D42A87977}.CD_ROM|x86.Build.0 = Release|Win32
		{5BEE7A10-0A6E-55AF-BF40-092D42A87977}.Debug|Any CPU.ActiveCfg = Debug|Win32
		{5BEE7A10-0A6E-55AF-BF40-092D42A87977}.Debug|ARM.ActiveCfg = Debug|ARM
		{5BEE7A10-0A6E-55AF-BF40-092D42A87977}.Debug|ARM.Build.0 = Debug|ARM
		{5BEE7A10-0A6E-55AF-BF40-092D42A87977}.Debug|ARM64.ActiveCfg = Debug|Win32
		{5BEE7A10-0A6E-55AF-BF40-092D42A87977}.Debug|x64.ActiveCfg = Debug|x64
		{5BEE7A10-0A6E-55AF-BF40-092D42A87977}.Debug|x64.Build.0 = Debug|x64
		{5BEE7A10-0A6E-55AF-BF40-092D42A87977}.Debug|x86.ActiveCfg = Debug|Win32
		{5BEE7A10-0A6E-55AF-BF40-092D42A87977}.Debug|x86.Build.0 = Debug|Win32
		{5BEE7A10-0A6E-55AF-BF40-092D42A87977}.DVD-5|Any CPU.ActiveCfg = Release|x64
		{5BEE7A10-0A6E-55AF-BF40-092D42A87977}.DVD-5|Any CPU.Build.0 = Release|x64
		{5BEE7A10-0A6E-55AF-BF40-092D42A87977}.DVD-5|ARM.ActiveCfg = Debug|ARM
		{5BEE7A10-0A6E-55AF-BF40-092D42A87977}.DVD-5|ARM.Build.0 = Debug|ARM
		{5BEE7A10-0A6E-55AF-BF40-092D42A87977}.DVD-5|ARM64.ActiveCfg = Debug|x64
		{5BEE7A10-0A6E-55AF-BF40-092D42A87977}.DVD-5|ARM64.Build.0 = Debug|x64
		{5BEE7A10-0A6E-55AF-BF40-092D42A87977}.DVD-5|x64.ActiveCfg = Debug|x64
		{5BEE7A10-0A6E-55AF-BF40-092D42A87977}.DVD-5|x64.Build.0 = Debug|x64
		{5BEE7A10-0A6E-55AF-BF40-092D42A87977}.DVD-5|x86.ActiveCfg = Debug|Win32
		{5BEE7A10-0A6E-55AF-BF40-092D42A87977}.DVD-5|x86.Build.0 = Debug|Win32
		{5BEE7A10-0A6E-55AF-BF40-092D42A87977}.Release|Any CPU.ActiveCfg = Release|Win32
		{5BEE7A10-0A6E-55AF-BF40-092D42A87977}.Release|ARM.ActiveCfg = Release|ARM
		{5BEE7A10-0A6E-55AF-BF40-092D42A87977}.Release|ARM.Build.0 = Release|ARM
		{5BEE7A10-0A6E-55AF-BF40-092D42A87977}.Release|ARM64.ActiveCfg = Release|Win32
		{5BEE7A10-0A6E-55AF-BF40-092D42A87977}.Release|x64.ActiveCfg = Release|x64
		{5BEE7A10-0A6E-55AF-BF40-092D42A87977}.Release|x64.Build.0 = Release|x64
		{5BEE7A10-0A6E-55AF-BF40-092D42A87977}.Release|x86.ActiveCfg = Release|Win32
		{5BEE7A10-0A6E-55AF-BF40-092D42A87977}.Release|x86.Build.0 = Release|Win32
		{5BEE7A10-0A6E-55AF-BF40-092D42A87977}.SingleImage|Any CPU.ActiveCfg = Release|x64
		{5BEE7A10-0A6E-55AF-BF40-092D42A87977}.SingleImage|Any CPU.Build.0 = Release|x64
		{5BEE7A10-0A6E-55AF-BF40-092D42A87977}.SingleImage|ARM.ActiveCfg = Release|ARM
		{5BEE7A10-0A6E-55AF-BF40-092D42A87977}.SingleImage|ARM.Build.0 = Release|ARM
		{5BEE7A10-0A6E-55AF-BF40-092D42A87977}.SingleImage|ARM64.ActiveCfg = Debug|x64
		{5BEE7A10-0A6E-55AF-BF40-092D42A87977}.SingleImage|ARM64.Build.0 = Debug|x64
		{5BEE7A10-0A6E-55AF-BF40-092D42A87977}.SingleImage|x64.ActiveCfg = Release|x64
		{5BEE7A10-0A6E-55AF-BF40-092D42A87977}.SingleImage|x64.Build.0 = Release|x64
		{5BEE7A10-0A6E-55AF-BF40-092D42A87977}.SingleImage|x86.ActiveCfg = Release|Win32
		{5BEE7A10-0A6E-55AF-BF40-092D42A87977}.SingleImage|x86.Build.0 = Release|Win32
		{2FFBD092-FB53-49A1-8A3A-C93536A1DD2C}.CD_ROM|Any CPU.ActiveCfg = Release|x64
		{2FFBD092-FB53-49A1-8A3A-C93536A1DD2C}.CD_ROM|Any CPU.Build.0 = Release|x64
		{2FFBD092-FB53-49A1-8A3A-C93536A1DD2C}.CD_ROM|ARM.ActiveCfg = Release|x64
		{2FFBD092-FB53-49A1-8A3A-C93536A1DD2C}.CD_ROM|ARM.Build.0 = Release|x64
		{2FFBD092-FB53-49A1-8A3A-C93536A1DD2C}.CD_ROM|ARM64.ActiveCfg = Debug|x64
		{2FFBD092-FB53-49A1-8A3A-C93536A1DD2C}.CD_ROM|ARM64.Build.0 = Debug|x64
		{2FFBD092-FB53-49A1-8A3A-C93536A1DD2C}.CD_ROM|x64.ActiveCfg = Release|x64
		{2FFBD092-FB53-49A1-8A3A-C93536A1DD2C}.CD_ROM|x64.Build.0 = Release|x64
		{2FFBD092-FB53-49A1-8A3A-C93536A1DD2C}.CD_ROM|x86.ActiveCfg = Release|Win32
		{2FFBD092-FB53-49A1-8A3A-C93536A1DD2C}.CD_ROM|x86.Build.0 = Release|Win32
		{2FFBD092-FB53-49A1-8A3A-C93536A1DD2C}.Debug|Any CPU.ActiveCfg = Debug|Win32
		{2FFBD092-FB53-49A1-8A3A-C93536A1DD2C}.Debug|ARM.ActiveCfg = Debug|Win32
		{2FFBD092-FB53-49A1-8A3A-C93536A1DD2C}.Debug|ARM64.ActiveCfg = Debug|Win32
		{2FFBD092-FB53-49A1-8A3A-C93536A1DD2C}.Debug|x64.ActiveCfg = Debug|x64
		{2FFBD092-FB53-49A1-8A3A-C93536A1DD2C}.Debug|x64.Build.0 = Debug|x64
		{2FFBD092-FB53-49A1-8A3A-C93536A1DD2C}.Debug|x86.ActiveCfg = Debug|Win32
		{2FFBD092-FB53-49A1-8A3A-C93536A1DD2C}.Debug|x86.Build.0 = Debug|Win32
		{2FFBD092-FB53-49A1-8A3A-C93536A1DD2C}.DVD-5|Any CPU.ActiveCfg = Release|x64
		{2FFBD092-FB53-49A1-8A3A-C93536A1DD2C}.DVD-5|Any CPU.Build.0 = Release|x64
		{2FFBD092-FB53-49A1-8A3A-C93536A1DD2C}.DVD-5|ARM.ActiveCfg = Release|x64
		{2FFBD092-FB53-49A1-8A3A-C93536A1DD2C}.DVD-5|ARM.Build.0 = Release|x64
		{2FFBD092-FB53-49A1-8A3A-C93536A1DD2C}.DVD-5|ARM64.ActiveCfg = Debug|x64
		{2FFBD092-FB53-49A1-8A3A-C93536A1DD2C}.DVD-5|ARM64.Build.0 = Debug|x64
		{2FFBD092-FB53-49A1-8A3A-C93536A1DD2C}.DVD-5|x64.ActiveCfg = Debug|x64
		{2FFBD092-FB53-49A1-8A3A-C93536A1DD2C}.DVD-5|x64.Build.0 = Debug|x64
		{2FFBD092-FB53-49A1-8A3A-C93536A1DD2C}.DVD-5|x86.ActiveCfg = Debug|Win32
		{2FFBD092-FB53-49A1-8A3A-C93536A1DD2C}.DVD-5|x86.Build.0 = Debug|Win32
		{2FFBD092-FB53-49A1-8A3A-C93536A1DD2C}.Release|Any CPU.ActiveCfg = Release|Win32
		{2FFBD092-FB53-49A1-8A3A-C93536A1DD2C}.Release|ARM.ActiveCfg = Release|Win32
		{2FFBD092-FB53-49A1-8A3A-C93536A1DD2C}.Release|ARM64.ActiveCfg = Release|Win32
		{2FFBD092-FB53-49A1-8A3A-C93536A1DD2C}.Release|x64.ActiveCfg = Release|x64
		{2FFBD092-FB53-49A1-8A3A-C93536A1DD2C}.Release|x64.Build.0 = Release|x64
		{2FFBD092-FB53-49A1-8A3A-C93536A1DD2C}.Release|x86.ActiveCfg = Release|Win32
		{2FFBD092-FB53-49A1-8A3A-C93536A1DD2C}.Release|x86.Build.0 = Release|Win32
		{2FFBD092-FB53-49A1-8A3A-C93536A1DD2C}.SingleImage|Any CPU.ActiveCfg = Release|x64
		{2FFBD092-FB53-49A1-8A3A-C93536A1DD2C}.SingleImage|Any CPU.Build.0 = Release|x64
		{2FFBD092-FB53-49A1-8A3A-C93536A1DD2C}.SingleImage|ARM.ActiveCfg = Release|x64
		{2FFBD092-FB53-49A1-8A3A-C93536A1DD2C}.SingleImage|ARM.Build.0 = Release|x64
		{2FFBD092-FB53-49A1-8A3A-C93536A1DD2C}.SingleImage|ARM64.ActiveCfg = Debug|x64
		{2FFBD092-FB53-49A1-8A3A-C93536A1DD2C}.SingleImage|ARM64.Build.0 = Debug|x64
		{2FFBD092-FB53-49A1-8A3A-C93536A1DD2C}.SingleImage|x64.ActiveCfg = Release|x64
		{2FFBD092-FB53-49A1-8A3A-C93536A1DD2C}.SingleImage|x64.Build.0 = Release|x64
		{2FFBD092-FB53-49A1-8A3A-C93536A1DD2C}.SingleImage|x86.ActiveCfg = Release|Win32
		{2FFBD092-FB53-49A1-8A3A-C93536A1DD2C}.SingleImage|x86.Build.0 = Release|Win32
		{4BED40BF-32A5-42E0-8A12-FEC66807DB0D}.CD_ROM|Any CPU.ActiveCfg = Debug|Any CPU
		{4BED40BF-32A5-42E0-8A12-FEC66807DB0D}.CD_ROM|Any CPU.Build.0 = Debug|Any CPU
		{4BED40BF-32A5-42E0-8A12-FEC66807DB0D}.CD_ROM|Any CPU.Deploy.0 = Debug|Any CPU
		{4BED40BF-32A5-42E0-8A12-FEC66807DB0D}.CD_ROM|ARM.ActiveCfg = Debug|Any CPU
		{4BED40BF-32A5-42E0-8A12-FEC66807DB0D}.CD_ROM|ARM.Build.0 = Debug|Any CPU
		{4BED40BF-32A5-42E0-8A12-FEC66807DB0D}.CD_ROM|ARM.Deploy.0 = Debug|Any CPU
		{4BED40BF-32A5-42E0-8A12-FEC66807DB0D}.CD_ROM|ARM64.ActiveCfg = Release|Any CPU
		{4BED40BF-32A5-42E0-8A12-FEC66807DB0D}.CD_ROM|ARM64.Build.0 = Release|Any CPU
		{4BED40BF-32A5-42E0-8A12-FEC66807DB0D}.CD_ROM|ARM64.Deploy.0 = Release|Any CPU
		{4BED40BF-32A5-42E0-8A12-FEC66807DB0D}.CD_ROM|x64.ActiveCfg = Release|x64
		{4BED40BF-32A5-42E0-8A12-FEC66807DB0D}.CD_ROM|x64.Build.0 = Release|x64
		{4BED40BF-32A5-42E0-8A12-FEC66807DB0D}.CD_ROM|x64.Deploy.0 = Release|x64
		{4BED40BF-32A5-42E0-8A12-FEC66807DB0D}.CD_ROM|x86.ActiveCfg = Release|x86
		{4BED40BF-32A5-42E0-8A12-FEC66807DB0D}.CD_ROM|x86.Build.0 = Release|x86
		{4BED40BF-32A5-42E0-8A12-FEC66807DB0D}.CD_ROM|x86.Deploy.0 = Release|x86
		{4BED40BF-32A5-42E0-8A12-FEC66807DB0D}.Debug|Any CPU.ActiveCfg = Debug|Any CPU
		{4BED40BF-32A5-42E0-8A12-FEC66807DB0D}.Debug|Any CPU.Build.0 = Debug|Any CPU
		{4BED40BF-32A5-42E0-8A12-FEC66807DB0D}.Debug|Any CPU.Deploy.0 = Debug|Any CPU
		{4BED40BF-32A5-42E0-8A12-FEC66807DB0D}.Debug|ARM.ActiveCfg = Debug|Any CPU
		{4BED40BF-32A5-42E0-8A12-FEC66807DB0D}.Debug|ARM.Build.0 = Debug|Any CPU
		{4BED40BF-32A5-42E0-8A12-FEC66807DB0D}.Debug|ARM.Deploy.0 = Debug|Any CPU
		{4BED40BF-32A5-42E0-8A12-FEC66807DB0D}.Debug|ARM64.ActiveCfg = Debug|Any CPU
		{4BED40BF-32A5-42E0-8A12-FEC66807DB0D}.Debug|ARM64.Build.0 = Debug|Any CPU
		{4BED40BF-32A5-42E0-8A12-FEC66807DB0D}.Debug|ARM64.Deploy.0 = Debug|Any CPU
		{4BED40BF-32A5-42E0-8A12-FEC66807DB0D}.Debug|x64.ActiveCfg = Debug|x64
		{4BED40BF-32A5-42E0-8A12-FEC66807DB0D}.Debug|x64.Build.0 = Debug|x64
		{4BED40BF-32A5-42E0-8A12-FEC66807DB0D}.Debug|x64.Deploy.0 = Debug|x64
		{4BED40BF-32A5-42E0-8A12-FEC66807DB0D}.Debug|x86.ActiveCfg = Debug|x86
		{4BED40BF-32A5-42E0-8A12-FEC66807DB0D}.Debug|x86.Build.0 = Debug|x86
		{4BED40BF-32A5-42E0-8A12-FEC66807DB0D}.Debug|x86.Deploy.0 = Debug|x86
		{4BED40BF-32A5-42E0-8A12-FEC66807DB0D}.DVD-5|Any CPU.ActiveCfg = Debug|Any CPU
		{4BED40BF-32A5-42E0-8A12-FEC66807DB0D}.DVD-5|Any CPU.Build.0 = Debug|Any CPU
		{4BED40BF-32A5-42E0-8A12-FEC66807DB0D}.DVD-5|Any CPU.Deploy.0 = Debug|Any CPU
		{4BED40BF-32A5-42E0-8A12-FEC66807DB0D}.DVD-5|ARM.ActiveCfg = Debug|Any CPU
		{4BED40BF-32A5-42E0-8A12-FEC66807DB0D}.DVD-5|ARM.Build.0 = Debug|Any CPU
		{4BED40BF-32A5-42E0-8A12-FEC66807DB0D}.DVD-5|ARM.Deploy.0 = Debug|Any CPU
		{4BED40BF-32A5-42E0-8A12-FEC66807DB0D}.DVD-5|ARM64.ActiveCfg = Debug|Any CPU
		{4BED40BF-32A5-42E0-8A12-FEC66807DB0D}.DVD-5|ARM64.Build.0 = Debug|Any CPU
		{4BED40BF-32A5-42E0-8A12-FEC66807DB0D}.DVD-5|ARM64.Deploy.0 = Debug|Any CPU
		{4BED40BF-32A5-42E0-8A12-FEC66807DB0D}.DVD-5|x64.ActiveCfg = Debug|x64
		{4BED40BF-32A5-42E0-8A12-FEC66807DB0D}.DVD-5|x64.Build.0 = Debug|x64
		{4BED40BF-32A5-42E0-8A12-FEC66807DB0D}.DVD-5|x64.Deploy.0 = Debug|x64
		{4BED40BF-32A5-42E0-8A12-FEC66807DB0D}.DVD-5|x86.ActiveCfg = Debug|x86
		{4BED40BF-32A5-42E0-8A12-FEC66807DB0D}.DVD-5|x86.Build.0 = Debug|x86
		{4BED40BF-32A5-42E0-8A12-FEC66807DB0D}.DVD-5|x86.Deploy.0 = Debug|x86
		{4BED40BF-32A5-42E0-8A12-FEC66807DB0D}.Release|Any CPU.ActiveCfg = Release|Any CPU
		{4BED40BF-32A5-42E0-8A12-FEC66807DB0D}.Release|Any CPU.Build.0 = Release|Any CPU
		{4BED40BF-32A5-42E0-8A12-FEC66807DB0D}.Release|Any CPU.Deploy.0 = Release|Any CPU
		{4BED40BF-32A5-42E0-8A12-FEC66807DB0D}.Release|ARM.ActiveCfg = Release|Any CPU
		{4BED40BF-32A5-42E0-8A12-FEC66807DB0D}.Release|ARM.Build.0 = Release|Any CPU
		{4BED40BF-32A5-42E0-8A12-FEC66807DB0D}.Release|ARM.Deploy.0 = Release|Any CPU
		{4BED40BF-32A5-42E0-8A12-FEC66807DB0D}.Release|ARM64.ActiveCfg = Release|Any CPU
		{4BED40BF-32A5-42E0-8A12-FEC66807DB0D}.Release|ARM64.Build.0 = Release|Any CPU
		{4BED40BF-32A5-42E0-8A12-FEC66807DB0D}.Release|ARM64.Deploy.0 = Release|Any CPU
		{4BED40BF-32A5-42E0-8A12-FEC66807DB0D}.Release|x64.ActiveCfg = Release|x64
		{4BED40BF-32A5-42E0-8A12-FEC66807DB0D}.Release|x64.Build.0 = Release|x64
		{4BED40BF-32A5-42E0-8A12-FEC66807DB0D}.Release|x64.Deploy.0 = Release|x64
		{4BED40BF-32A5-42E0-8A12-FEC66807DB0D}.Release|x86.ActiveCfg = Release|x86
		{4BED40BF-32A5-42E0-8A12-FEC66807DB0D}.Release|x86.Build.0 = Release|x86
		{4BED40BF-32A5-42E0-8A12-FEC66807DB0D}.Release|x86.Deploy.0 = Release|x86
		{4BED40BF-32A5-42E0-8A12-FEC66807DB0D}.SingleImage|Any CPU.ActiveCfg = Debug|Any CPU
		{4BED40BF-32A5-42E0-8A12-FEC66807DB0D}.SingleImage|Any CPU.Build.0 = Debug|Any CPU
		{4BED40BF-32A5-42E0-8A12-FEC66807DB0D}.SingleImage|Any CPU.Deploy.0 = Debug|Any CPU
		{4BED40BF-32A5-42E0-8A12-FEC66807DB0D}.SingleImage|ARM.ActiveCfg = Debug|Any CPU
		{4BED40BF-32A5-42E0-8A12-FEC66807DB0D}.SingleImage|ARM.Build.0 = Debug|Any CPU
		{4BED40BF-32A5-42E0-8A12-FEC66807DB0D}.SingleImage|ARM.Deploy.0 = Debug|Any CPU
		{4BED40BF-32A5-42E0-8A12-FEC66807DB0D}.SingleImage|ARM64.ActiveCfg = Release|Any CPU
		{4BED40BF-32A5-42E0-8A12-FEC66807DB0D}.SingleImage|ARM64.Build.0 = Release|Any CPU
		{4BED40BF-32A5-42E0-8A12-FEC66807DB0D}.SingleImage|ARM64.Deploy.0 = Release|Any CPU
		{4BED40BF-32A5-42E0-8A12-FEC66807DB0D}.SingleImage|x64.ActiveCfg = Release|x64
		{4BED40BF-32A5-42E0-8A12-FEC66807DB0D}.SingleImage|x64.Build.0 = Release|x64
		{4BED40BF-32A5-42E0-8A12-FEC66807DB0D}.SingleImage|x64.Deploy.0 = Release|x64
		{4BED40BF-32A5-42E0-8A12-FEC66807DB0D}.SingleImage|x86.ActiveCfg = Release|x86
		{4BED40BF-32A5-42E0-8A12-FEC66807DB0D}.SingleImage|x86.Build.0 = Release|x86
		{4BED40BF-32A5-42E0-8A12-FEC66807DB0D}.SingleImage|x86.Deploy.0 = Release|x86
		{190A3FBA-A8A7-4503-929B-32A6F71455C5}.CD_ROM|Any CPU.ActiveCfg = Release|Any CPU
		{190A3FBA-A8A7-4503-929B-32A6F71455C5}.CD_ROM|Any CPU.Build.0 = Release|Any CPU
		{190A3FBA-A8A7-4503-929B-32A6F71455C5}.CD_ROM|ARM.ActiveCfg = Release|Any CPU
		{190A3FBA-A8A7-4503-929B-32A6F71455C5}.CD_ROM|ARM.Build.0 = Release|Any CPU
		{190A3FBA-A8A7-4503-929B-32A6F71455C5}.CD_ROM|ARM64.ActiveCfg = Debug|Any CPU
		{190A3FBA-A8A7-4503-929B-32A6F71455C5}.CD_ROM|ARM64.Build.0 = Debug|Any CPU
		{190A3FBA-A8A7-4503-929B-32A6F71455C5}.CD_ROM|x64.ActiveCfg = Release|Any CPU
		{190A3FBA-A8A7-4503-929B-32A6F71455C5}.CD_ROM|x64.Build.0 = Release|Any CPU
		{190A3FBA-A8A7-4503-929B-32A6F71455C5}.CD_ROM|x86.ActiveCfg = Release|Any CPU
		{190A3FBA-A8A7-4503-929B-32A6F71455C5}.CD_ROM|x86.Build.0 = Release|Any CPU
		{190A3FBA-A8A7-4503-929B-32A6F71455C5}.Debug|Any CPU.ActiveCfg = Debug|Any CPU
		{190A3FBA-A8A7-4503-929B-32A6F71455C5}.Debug|Any CPU.Build.0 = Debug|Any CPU
		{190A3FBA-A8A7-4503-929B-32A6F71455C5}.Debug|ARM.ActiveCfg = Debug|Any CPU
		{190A3FBA-A8A7-4503-929B-32A6F71455C5}.Debug|ARM.Build.0 = Debug|Any CPU
		{190A3FBA-A8A7-4503-929B-32A6F71455C5}.Debug|ARM64.ActiveCfg = Debug|Any CPU
		{190A3FBA-A8A7-4503-929B-32A6F71455C5}.Debug|ARM64.Build.0 = Debug|Any CPU
		{190A3FBA-A8A7-4503-929B-32A6F71455C5}.Debug|x64.ActiveCfg = Debug|Any CPU
		{190A3FBA-A8A7-4503-929B-32A6F71455C5}.Debug|x64.Build.0 = Debug|Any CPU
		{190A3FBA-A8A7-4503-929B-32A6F71455C5}.Debug|x86.ActiveCfg = Debug|Any CPU
		{190A3FBA-A8A7-4503-929B-32A6F71455C5}.Debug|x86.Build.0 = Debug|Any CPU
		{190A3FBA-A8A7-4503-929B-32A6F71455C5}.DVD-5|Any CPU.ActiveCfg = Debug|Any CPU
		{190A3FBA-A8A7-4503-929B-32A6F71455C5}.DVD-5|Any CPU.Build.0 = Debug|Any CPU
		{190A3FBA-A8A7-4503-929B-32A6F71455C5}.DVD-5|ARM.ActiveCfg = Debug|Any CPU
		{190A3FBA-A8A7-4503-929B-32A6F71455C5}.DVD-5|ARM.Build.0 = Debug|Any CPU
		{190A3FBA-A8A7-4503-929B-32A6F71455C5}.DVD-5|ARM64.ActiveCfg = Debug|Any CPU
		{190A3FBA-A8A7-4503-929B-32A6F71455C5}.DVD-5|ARM64.Build.0 = Debug|Any CPU
		{190A3FBA-A8A7-4503-929B-32A6F71455C5}.DVD-5|x64.ActiveCfg = Debug|Any CPU
		{190A3FBA-A8A7-4503-929B-32A6F71455C5}.DVD-5|x64.Build.0 = Debug|Any CPU
		{190A3FBA-A8A7-4503-929B-32A6F71455C5}.DVD-5|x86.ActiveCfg = Debug|Any CPU
		{190A3FBA-A8A7-4503-929B-32A6F71455C5}.DVD-5|x86.Build.0 = Debug|Any CPU
		{190A3FBA-A8A7-4503-929B-32A6F71455C5}.Release|Any CPU.ActiveCfg = Release|Any CPU
		{190A3FBA-A8A7-4503-929B-32A6F71455C5}.Release|Any CPU.Build.0 = Release|Any CPU
		{190A3FBA-A8A7-4503-929B-32A6F71455C5}.Release|ARM.ActiveCfg = Release|Any CPU
		{190A3FBA-A8A7-4503-929B-32A6F71455C5}.Release|ARM.Build.0 = Release|Any CPU
		{190A3FBA-A8A7-4503-929B-32A6F71455C5}.Release|ARM64.ActiveCfg = Release|Any CPU
		{190A3FBA-A8A7-4503-929B-32A6F71455C5}.Release|ARM64.Build.0 = Release|Any CPU
		{190A3FBA-A8A7-4503-929B-32A6F71455C5}.Release|x64.ActiveCfg = Release|Any CPU
		{190A3FBA-A8A7-4503-929B-32A6F71455C5}.Release|x64.Build.0 = Release|Any CPU
		{190A3FBA-A8A7-4503-929B-32A6F71455C5}.Release|x86.ActiveCfg = Release|Any CPU
		{190A3FBA-A8A7-4503-929B-32A6F71455C5}.Release|x86.Build.0 = Release|Any CPU
		{190A3FBA-A8A7-4503-929B-32A6F71455C5}.SingleImage|Any CPU.ActiveCfg = Release|Any CPU
		{190A3FBA-A8A7-4503-929B-32A6F71455C5}.SingleImage|Any CPU.Build.0 = Release|Any CPU
		{190A3FBA-A8A7-4503-929B-32A6F71455C5}.SingleImage|ARM.ActiveCfg = Release|Any CPU
		{190A3FBA-A8A7-4503-929B-32A6F71455C5}.SingleImage|ARM.Build.0 = Release|Any CPU
		{190A3FBA-A8A7-4503-929B-32A6F71455C5}.SingleImage|ARM64.ActiveCfg = Debug|Any CPU
		{190A3FBA-A8A7-4503-929B-32A6F71455C5}.SingleImage|ARM64.Build.0 = Debug|Any CPU
		{190A3FBA-A8A7-4503-929B-32A6F71455C5}.SingleImage|x64.ActiveCfg = Release|Any CPU
		{190A3FBA-A8A7-4503-929B-32A6F71455C5}.SingleImage|x64.Build.0 = Release|Any CPU
		{190A3FBA-A8A7-4503-929B-32A6F71455C5}.SingleImage|x86.ActiveCfg = Release|Any CPU
		{190A3FBA-A8A7-4503-929B-32A6F71455C5}.SingleImage|x86.Build.0 = Release|Any CPU
		{DA2DD66F-D669-4126-B8DA-2C9DC7A77417}.CD_ROM|Any CPU.ActiveCfg = Debug|Any CPU
		{DA2DD66F-D669-4126-B8DA-2C9DC7A77417}.CD_ROM|Any CPU.Build.0 = Debug|Any CPU
		{DA2DD66F-D669-4126-B8DA-2C9DC7A77417}.CD_ROM|Any CPU.Deploy.0 = Debug|Any CPU
		{DA2DD66F-D669-4126-B8DA-2C9DC7A77417}.CD_ROM|ARM.ActiveCfg = Release|ARM
		{DA2DD66F-D669-4126-B8DA-2C9DC7A77417}.CD_ROM|ARM.Build.0 = Release|ARM
		{DA2DD66F-D669-4126-B8DA-2C9DC7A77417}.CD_ROM|ARM.Deploy.0 = Release|ARM
		{DA2DD66F-D669-4126-B8DA-2C9DC7A77417}.CD_ROM|ARM64.ActiveCfg = Release|ARM64
		{DA2DD66F-D669-4126-B8DA-2C9DC7A77417}.CD_ROM|ARM64.Build.0 = Release|ARM64
		{DA2DD66F-D669-4126-B8DA-2C9DC7A77417}.CD_ROM|ARM64.Deploy.0 = Release|ARM64
		{DA2DD66F-D669-4126-B8DA-2C9DC7A77417}.CD_ROM|x64.ActiveCfg = Release|x64
		{DA2DD66F-D669-4126-B8DA-2C9DC7A77417}.CD_ROM|x64.Build.0 = Release|x64
		{DA2DD66F-D669-4126-B8DA-2C9DC7A77417}.CD_ROM|x64.Deploy.0 = Release|x64
		{DA2DD66F-D669-4126-B8DA-2C9DC7A77417}.CD_ROM|x86.ActiveCfg = Release|x86
		{DA2DD66F-D669-4126-B8DA-2C9DC7A77417}.CD_ROM|x86.Build.0 = Release|x86
		{DA2DD66F-D669-4126-B8DA-2C9DC7A77417}.CD_ROM|x86.Deploy.0 = Release|x86
		{DA2DD66F-D669-4126-B8DA-2C9DC7A77417}.Debug|Any CPU.ActiveCfg = Debug|Any CPU
		{DA2DD66F-D669-4126-B8DA-2C9DC7A77417}.Debug|Any CPU.Build.0 = Debug|Any CPU
		{DA2DD66F-D669-4126-B8DA-2C9DC7A77417}.Debug|Any CPU.Deploy.0 = Debug|Any CPU
		{DA2DD66F-D669-4126-B8DA-2C9DC7A77417}.Debug|ARM.ActiveCfg = Debug|ARM
		{DA2DD66F-D669-4126-B8DA-2C9DC7A77417}.Debug|ARM.Build.0 = Debug|ARM
		{DA2DD66F-D669-4126-B8DA-2C9DC7A77417}.Debug|ARM.Deploy.0 = Debug|ARM
		{DA2DD66F-D669-4126-B8DA-2C9DC7A77417}.Debug|ARM64.ActiveCfg = Debug|ARM64
		{DA2DD66F-D669-4126-B8DA-2C9DC7A77417}.Debug|ARM64.Build.0 = Debug|ARM64
		{DA2DD66F-D669-4126-B8DA-2C9DC7A77417}.Debug|ARM64.Deploy.0 = Debug|ARM64
		{DA2DD66F-D669-4126-B8DA-2C9DC7A77417}.Debug|x64.ActiveCfg = Debug|x64
		{DA2DD66F-D669-4126-B8DA-2C9DC7A77417}.Debug|x64.Build.0 = Debug|x64
		{DA2DD66F-D669-4126-B8DA-2C9DC7A77417}.Debug|x64.Deploy.0 = Debug|x64
		{DA2DD66F-D669-4126-B8DA-2C9DC7A77417}.Debug|x86.ActiveCfg = Debug|x86
		{DA2DD66F-D669-4126-B8DA-2C9DC7A77417}.Debug|x86.Build.0 = Debug|x86
		{DA2DD66F-D669-4126-B8DA-2C9DC7A77417}.Debug|x86.Deploy.0 = Debug|x86
		{DA2DD66F-D669-4126-B8DA-2C9DC7A77417}.DVD-5|Any CPU.ActiveCfg = Debug|Any CPU
		{DA2DD66F-D669-4126-B8DA-2C9DC7A77417}.DVD-5|Any CPU.Build.0 = Debug|Any CPU
		{DA2DD66F-D669-4126-B8DA-2C9DC7A77417}.DVD-5|Any CPU.Deploy.0 = Debug|Any CPU
		{DA2DD66F-D669-4126-B8DA-2C9DC7A77417}.DVD-5|ARM.ActiveCfg = Debug|ARM
		{DA2DD66F-D669-4126-B8DA-2C9DC7A77417}.DVD-5|ARM.Build.0 = Debug|ARM
		{DA2DD66F-D669-4126-B8DA-2C9DC7A77417}.DVD-5|ARM.Deploy.0 = Debug|ARM
		{DA2DD66F-D669-4126-B8DA-2C9DC7A77417}.DVD-5|ARM64.ActiveCfg = Debug|ARM64
		{DA2DD66F-D669-4126-B8DA-2C9DC7A77417}.DVD-5|ARM64.Build.0 = Debug|ARM64
		{DA2DD66F-D669-4126-B8DA-2C9DC7A77417}.DVD-5|ARM64.Deploy.0 = Debug|ARM64
		{DA2DD66F-D669-4126-B8DA-2C9DC7A77417}.DVD-5|x64.ActiveCfg = Debug|x64
		{DA2DD66F-D669-4126-B8DA-2C9DC7A77417}.DVD-5|x64.Build.0 = Debug|x64
		{DA2DD66F-D669-4126-B8DA-2C9DC7A77417}.DVD-5|x64.Deploy.0 = Debug|x64
		{DA2DD66F-D669-4126-B8DA-2C9DC7A77417}.DVD-5|x86.ActiveCfg = Debug|x86
		{DA2DD66F-D669-4126-B8DA-2C9DC7A77417}.DVD-5|x86.Build.0 = Debug|x86
		{DA2DD66F-D669-4126-B8DA-2C9DC7A77417}.DVD-5|x86.Deploy.0 = Debug|x86
		{DA2DD66F-D669-4126-B8DA-2C9DC7A77417}.Release|Any CPU.ActiveCfg = Release|Any CPU
		{DA2DD66F-D669-4126-B8DA-2C9DC7A77417}.Release|Any CPU.Build.0 = Release|Any CPU
		{DA2DD66F-D669-4126-B8DA-2C9DC7A77417}.Release|Any CPU.Deploy.0 = Release|Any CPU
		{DA2DD66F-D669-4126-B8DA-2C9DC7A77417}.Release|ARM.ActiveCfg = Release|ARM
		{DA2DD66F-D669-4126-B8DA-2C9DC7A77417}.Release|ARM.Build.0 = Release|ARM
		{DA2DD66F-D669-4126-B8DA-2C9DC7A77417}.Release|ARM.Deploy.0 = Release|ARM
		{DA2DD66F-D669-4126-B8DA-2C9DC7A77417}.Release|ARM64.ActiveCfg = Release|ARM64
		{DA2DD66F-D669-4126-B8DA-2C9DC7A77417}.Release|ARM64.Build.0 = Release|ARM64
		{DA2DD66F-D669-4126-B8DA-2C9DC7A77417}.Release|ARM64.Deploy.0 = Release|ARM64
		{DA2DD66F-D669-4126-B8DA-2C9DC7A77417}.Release|x64.ActiveCfg = Release|x64
		{DA2DD66F-D669-4126-B8DA-2C9DC7A77417}.Release|x64.Build.0 = Release|x64
		{DA2DD66F-D669-4126-B8DA-2C9DC7A77417}.Release|x64.Deploy.0 = Release|x64
		{DA2DD66F-D669-4126-B8DA-2C9DC7A77417}.Release|x86.ActiveCfg = Release|x86
		{DA2DD66F-D669-4126-B8DA-2C9DC7A77417}.Release|x86.Build.0 = Release|x86
		{DA2DD66F-D669-4126-B8DA-2C9DC7A77417}.Release|x86.Deploy.0 = Release|x86
		{DA2DD66F-D669-4126-B8DA-2C9DC7A77417}.SingleImage|Any CPU.ActiveCfg = Debug|Any CPU
		{DA2DD66F-D669-4126-B8DA-2C9DC7A77417}.SingleImage|Any CPU.Build.0 = Debug|Any CPU
		{DA2DD66F-D669-4126-B8DA-2C9DC7A77417}.SingleImage|Any CPU.Deploy.0 = Debug|Any CPU
		{DA2DD66F-D669-4126-B8DA-2C9DC7A77417}.SingleImage|ARM.ActiveCfg = Release|ARM
		{DA2DD66F-D669-4126-B8DA-2C9DC7A77417}.SingleImage|ARM.Build.0 = Release|ARM
		{DA2DD66F-D669-4126-B8DA-2C9DC7A77417}.SingleImage|ARM.Deploy.0 = Release|ARM
		{DA2DD66F-D669-4126-B8DA-2C9DC7A77417}.SingleImage|ARM64.ActiveCfg = Release|ARM64
		{DA2DD66F-D669-4126-B8DA-2C9DC7A77417}.SingleImage|ARM64.Build.0 = Release|ARM64
		{DA2DD66F-D669-4126-B8DA-2C9DC7A77417}.SingleImage|ARM64.Deploy.0 = Release|ARM64
		{DA2DD66F-D669-4126-B8DA-2C9DC7A77417}.SingleImage|x64.ActiveCfg = Release|x64
		{DA2DD66F-D669-4126-B8DA-2C9DC7A77417}.SingleImage|x64.Build.0 = Release|x64
		{DA2DD66F-D669-4126-B8DA-2C9DC7A77417}.SingleImage|x64.Deploy.0 = Release|x64
		{DA2DD66F-D669-4126-B8DA-2C9DC7A77417}.SingleImage|x86.ActiveCfg = Release|x86
		{DA2DD66F-D669-4126-B8DA-2C9DC7A77417}.SingleImage|x86.Build.0 = Release|x86
		{DA2DD66F-D669-4126-B8DA-2C9DC7A77417}.SingleImage|x86.Deploy.0 = Release|x86
	EndGlobalSection
	GlobalSection(SolutionProperties) = preSolution
		HideSolutionNode = FALSE
	EndGlobalSection
	GlobalSection(NestedProjects) = preSolution
		{D8CA10DF-EB46-4635-968C-97AF72DFB151} = {47A5A08D-8E62-4BC2-AB84-5FBABB422BF1}
		{A1A70D72-1E7A-42AA-AA62-F61B752BFF96} = {27322D87-B439-416F-9410-E72440EDD437}
		{CDC7EECD-1D9A-4404-B721-F1C92F1EE688} = {27322D87-B439-416F-9410-E72440EDD437}
		{48FA2B2B-5548-4F2E-812D-540B982FEF04} = {47A5A08D-8E62-4BC2-AB84-5FBABB422BF1}
		{E6112B01-F930-4DE3-85A8-EFCE63967673} = {47A5A08D-8E62-4BC2-AB84-5FBABB422BF1}
		{8A06E4FF-3FE4-4871-8420-D5D0100B48AE} = {47A5A08D-8E62-4BC2-AB84-5FBABB422BF1}
		{2FFBD092-FB53-49A1-8A3A-C93536A1DD2C} = {4EDFD022-2081-41FF-A879-FE002B2B1E9B}
		{4BED40BF-32A5-42E0-8A12-FEC66807DB0D} = {4EDFD022-2081-41FF-A879-FE002B2B1E9B}
	EndGlobalSection
	GlobalSection(ExtensibilityGlobals) = postSolution
		SolutionGuid = {10ED0602-492F-49B9-B5B6-9EA01BF09364}
	EndGlobalSection
EndGlobal
